// !$*UTF8*$!
{
	archiveVersion = 1;
	classes = {
	};
	objectVersion = 46;
	objects = {
/* Begin PBXBuildFile section */
		00E356F31AD99517003FC87E /* gunlukTests.m in Sources */ = {isa = PBXBuildFile; fileRef = 00E356F21AD99517003FC87E /* gunlukTests.m */; };
		13B07FBC1A68108700A75B9A /* AppDelegate.m in Sources */ = {isa = PBXBuildFile; fileRef = 13B07FB01A68108700A75B9A /* AppDelegate.m */; };
		13B07FBD1A68108700A75B9A /* LaunchScreen.xib in Resources */ = {isa = PBXBuildFile; fileRef = 13B07FB11A68108700A75B9A /* LaunchScreen.xib */; };
		13B07FBF1A68108700A75B9A /* Images.xcassets in Resources */ = {isa = PBXBuildFile; fileRef = 13B07FB51A68108700A75B9A /* Images.xcassets */; };
		13B07FC11A68108700A75B9A /* main.m in Sources */ = {isa = PBXBuildFile; fileRef = 13B07FB71A68108700A75B9A /* main.m */; };
		2D02E4BC1E0B4A80006451C7 /* AppDelegate.m in Sources */ = {isa = PBXBuildFile; fileRef = 13B07FB01A68108700A75B9A /* AppDelegate.m */; };
		2D02E4BD1E0B4A84006451C7 /* Images.xcassets in Resources */ = {isa = PBXBuildFile; fileRef = 13B07FB51A68108700A75B9A /* Images.xcassets */; };
		2D02E4BF1E0B4AB3006451C7 /* main.m in Sources */ = {isa = PBXBuildFile; fileRef = 13B07FB71A68108700A75B9A /* main.m */; };
		2DCD954D1E0B4F2C00145EB5 /* gunlukTests.m in Sources */ = {isa = PBXBuildFile; fileRef = 00E356F21AD99517003FC87E /* gunlukTests.m */; };
		8A6ACC10BC92428CB73BE502 /* AntDesign.ttf in Resources */ = {isa = PBXBuildFile; fileRef = 71B27D7D8CF041129B983683 /* AntDesign.ttf */; };
		C00558AB0071416EA25AE330 /* Entypo.ttf in Resources */ = {isa = PBXBuildFile; fileRef = 49D89D6B5ADB46D1912E1E19 /* Entypo.ttf */; };
		61C14D74B7FD4F35A66D18BA /* EvilIcons.ttf in Resources */ = {isa = PBXBuildFile; fileRef = 0874C57252EB4E849204C214 /* EvilIcons.ttf */; };
		2C2E5F5EE73F4A10A832F6EA /* Feather.ttf in Resources */ = {isa = PBXBuildFile; fileRef = DA855018A7674D7B9D05E34A /* Feather.ttf */; };
		DE3E55FE73B34074AEFB41DA /* FontAwesome.ttf in Resources */ = {isa = PBXBuildFile; fileRef = 597A4DD698B8414A9F4AC33C /* FontAwesome.ttf */; };
		EC5E3D45B5E84C5795B17DD9 /* FontAwesome5_Brands.ttf in Resources */ = {isa = PBXBuildFile; fileRef = 8004054F6ABB45CF9386227B /* FontAwesome5_Brands.ttf */; };
		4475D7C196D84EC78170B71D /* FontAwesome5_Regular.ttf in Resources */ = {isa = PBXBuildFile; fileRef = B1CA19922A3D488BB7428BA3 /* FontAwesome5_Regular.ttf */; };
		B4D2BF685E774D3D97361CDE /* FontAwesome5_Solid.ttf in Resources */ = {isa = PBXBuildFile; fileRef = DB1358BC892143669AC31C3F /* FontAwesome5_Solid.ttf */; };
		B709228FAD434C1386A35856 /* Foundation.ttf in Resources */ = {isa = PBXBuildFile; fileRef = 0496413EB7084EA6A5F9CBBB /* Foundation.ttf */; };
		73DE473B9A954ADA8346F7C5 /* Ionicons.ttf in Resources */ = {isa = PBXBuildFile; fileRef = C5923C751A1148DA9F02B586 /* Ionicons.ttf */; };
		4696C6304B1C4E3E8052AE92 /* MaterialCommunityIcons.ttf in Resources */ = {isa = PBXBuildFile; fileRef = 2BA4255934A24341BE9D78C0 /* MaterialCommunityIcons.ttf */; };
		C3B9B2DF45B24E0D8452CBB6 /* MaterialIcons.ttf in Resources */ = {isa = PBXBuildFile; fileRef = D4241BE7B5A34094A3C22EEC /* MaterialIcons.ttf */; };
		31BA4D2998A9475AA1239841 /* Octicons.ttf in Resources */ = {isa = PBXBuildFile; fileRef = 799A28D8E74A404D9D82D726 /* Octicons.ttf */; };
		C71DB8FC695B4ADF9842E71D /* Roboto_medium.ttf in Resources */ = {isa = PBXBuildFile; fileRef = 18F100A858944319A9C559B6 /* Roboto_medium.ttf */; };
		D0D83DECE6F143719C827CE4 /* Roboto.ttf in Resources */ = {isa = PBXBuildFile; fileRef = 011F1A1C73EB4096A2DBF9B2 /* Roboto.ttf */; };
		996349D8D9154990ACDEDD11 /* rubicon-icon-font.ttf in Resources */ = {isa = PBXBuildFile; fileRef = 919ED13B9C23425E95AAD40F /* rubicon-icon-font.ttf */; };
		A085D3C9F63F4A86B888CD60 /* SimpleLineIcons.ttf in Resources */ = {isa = PBXBuildFile; fileRef = 789F1EED623340BFA063BCF9 /* SimpleLineIcons.ttf */; };
		041CAA19DF984C68A61CEA97 /* Zocial.ttf in Resources */ = {isa = PBXBuildFile; fileRef = 48F95158576F42439F3D8A27 /* Zocial.ttf */; };
		D32B49BC357E4C77BA8BCF7A /* AntDesign.ttf in Resources */ = {isa = PBXBuildFile; fileRef = 64D3205E58B14A0C90E5C30E /* AntDesign.ttf */; };
		990E670EB3D0486A84BCADF7 /* Entypo.ttf in Resources */ = {isa = PBXBuildFile; fileRef = 6C2552A16CDF4D9A9EA8C0D6 /* Entypo.ttf */; };
		7CAC9ADBE1C04F1A8D2C6D07 /* EvilIcons.ttf in Resources */ = {isa = PBXBuildFile; fileRef = 589CC8CA487D4F01A75411B8 /* EvilIcons.ttf */; };
		96218EFC84C746B9B71FA7D3 /* Feather.ttf in Resources */ = {isa = PBXBuildFile; fileRef = E8E4363CD9154E2CA9FE1947 /* Feather.ttf */; };
		68374D8BB3FD42E6A02D9292 /* FontAwesome.ttf in Resources */ = {isa = PBXBuildFile; fileRef = 8934141196A54FE58F8379B5 /* FontAwesome.ttf */; };
		7DDCAD9B305A446885419AEE /* FontAwesome5_Brands.ttf in Resources */ = {isa = PBXBuildFile; fileRef = F48D718DCCBC41089A7E3B6F /* FontAwesome5_Brands.ttf */; };
		156C1E733611416C90550757 /* FontAwesome5_Regular.ttf in Resources */ = {isa = PBXBuildFile; fileRef = 678C2F7EFAF1436EBC076C59 /* FontAwesome5_Regular.ttf */; };
		B81C128CA2594B6CACBAE937 /* FontAwesome5_Solid.ttf in Resources */ = {isa = PBXBuildFile; fileRef = 41E082949AA24AED9A1927A0 /* FontAwesome5_Solid.ttf */; };
		0741ECB149B343FFBECC1D76 /* Fontisto.ttf in Resources */ = {isa = PBXBuildFile; fileRef = 0D0659BC7F104E02ABF0592D /* Fontisto.ttf */; };
		333DD0F7CAA045508D2A722F /* Foundation.ttf in Resources */ = {isa = PBXBuildFile; fileRef = B4E4C691B3FB4E51B7F44B31 /* Foundation.ttf */; };
		C708089E57AA44B39C6C908C /* Ionicons.ttf in Resources */ = {isa = PBXBuildFile; fileRef = 4ED1E700B04B4AF1ABF2B19E /* Ionicons.ttf */; };
		93446C3E1394479381C64D87 /* MaterialCommunityIcons.ttf in Resources */ = {isa = PBXBuildFile; fileRef = DD1AA498F08C4228BC8717DF /* MaterialCommunityIcons.ttf */; };
		F0F548B9C09E491BBB9533DE /* MaterialIcons.ttf in Resources */ = {isa = PBXBuildFile; fileRef = 70BDD89E2E1A405188D6F73C /* MaterialIcons.ttf */; };
		5B0BB0B006E8474A926ADFD6 /* Octicons.ttf in Resources */ = {isa = PBXBuildFile; fileRef = 9617C049BD9545CDB628FF24 /* Octicons.ttf */; };
		F540A8D596244415B03231C9 /* SimpleLineIcons.ttf in Resources */ = {isa = PBXBuildFile; fileRef = E29B65099DFF4C63BB611998 /* SimpleLineIcons.ttf */; };
		02DAD8952C0341C78B4BB914 /* Zocial.ttf in Resources */ = {isa = PBXBuildFile; fileRef = 7814796004514CAFAD8259F7 /* Zocial.ttf */; };
		B08E472F943F420D843D74AC /* libSpeechSynthesizer.a in Frameworks */ = {isa = PBXBuildFile; fileRef = 01CFEAE314544FA682DE5595 /* libSpeechSynthesizer.a */; };
		5A4E18879B0F4888B5CE331C /* AntDesign.ttf in Resources */ = {isa = PBXBuildFile; fileRef = A3119986D6A943609F94A8FC /* AntDesign.ttf */; };
		A35D0ADCC82C4549A547B3DE /* BigShouldersText-Light.ttf in Resources */ = {isa = PBXBuildFile; fileRef = 3D7A6EC2F1E2444DA394EA2C /* BigShouldersText-Light.ttf */; };
		C30E882AD6804C2EB235FC1F /* Entypo.ttf in Resources */ = {isa = PBXBuildFile; fileRef = 3066869D28F24ABDB859E6C2 /* Entypo.ttf */; };
		86DD47BBB28B440E8428AE52 /* EvilIcons.ttf in Resources */ = {isa = PBXBuildFile; fileRef = A7930994096C49E3ACACEB16 /* EvilIcons.ttf */; };
		25A9236338C4443491879656 /* Feather.ttf in Resources */ = {isa = PBXBuildFile; fileRef = CB35E13D0E6F48EB91506CC2 /* Feather.ttf */; };
		9A70BDEDA7094F9D927044B4 /* FontAwesome.ttf in Resources */ = {isa = PBXBuildFile; fileRef = 52568241B95843F58F2ACC8F /* FontAwesome.ttf */; };
		EF1280F70B68465E8F1451B0 /* FontAwesome5_Brands.ttf in Resources */ = {isa = PBXBuildFile; fileRef = 3D30E94CA602476C8A13E44B /* FontAwesome5_Brands.ttf */; };
		4154249F2DEA48F986DA8524 /* FontAwesome5_Regular.ttf in Resources */ = {isa = PBXBuildFile; fileRef = D8DD0B966268426DA9388385 /* FontAwesome5_Regular.ttf */; };
		5EE26F16F02E445C9CD35785 /* FontAwesome5_Solid.ttf in Resources */ = {isa = PBXBuildFile; fileRef = 60E606F49B1A4CE18F9A388D /* FontAwesome5_Solid.ttf */; };
		E8C4336B5B20452A877B7284 /* Fontisto.ttf in Resources */ = {isa = PBXBuildFile; fileRef = 7649801F84B641B288130054 /* Fontisto.ttf */; };
		1AAA7A3F6F92407F8D937A29 /* Foundation.ttf in Resources */ = {isa = PBXBuildFile; fileRef = 40287BD0577448C2AC820992 /* Foundation.ttf */; };
		67456D6FFFAF4AC88365E209 /* Inconsolata-Bold.ttf in Resources */ = {isa = PBXBuildFile; fileRef = D760B6C51531430DB90A065E /* Inconsolata-Bold.ttf */; };
		F363464C6C944F798AB26061 /* Ionicons.ttf in Resources */ = {isa = PBXBuildFile; fileRef = A068ED39B0C5461B936B0D8A /* Ionicons.ttf */; };
		003499B6CAC64FA09E979F3F /* Lobster-Regular.ttf in Resources */ = {isa = PBXBuildFile; fileRef = 688D140771BB4348A47FF6A2 /* Lobster-Regular.ttf */; };
		893F7A27362D4DC0B5EEBB55 /* MaterialCommunityIcons.ttf in Resources */ = {isa = PBXBuildFile; fileRef = E57C37537FD0471AA7E50310 /* MaterialCommunityIcons.ttf */; };
		C5494C3A6EAF4132A0F7B36C /* MaterialIcons.ttf in Resources */ = {isa = PBXBuildFile; fileRef = AD77FC3BFBFE4709B46E5E77 /* MaterialIcons.ttf */; };
		68DD3D86A6A44B7BBB6B4B28 /* Merriweather-Italic.ttf in Resources */ = {isa = PBXBuildFile; fileRef = DC948C81447545FABBD2117A /* Merriweather-Italic.ttf */; };
		DB5A42A83B98495BA6B277C5 /* Octicons.ttf in Resources */ = {isa = PBXBuildFile; fileRef = 350F63571A57401ABDF27085 /* Octicons.ttf */; };
		925DBC0DC013477EBDFAE2D9 /* OpenSansCondensed-Light.ttf in Resources */ = {isa = PBXBuildFile; fileRef = 314D0E0F49D341D2B0666273 /* OpenSansCondensed-Light.ttf */; };
		3BFC768623E74B0C91DCA62E /* PlayfairDisplay-BoldItalic.ttf in Resources */ = {isa = PBXBuildFile; fileRef = 215551861A0F4EF594DDDF9D /* PlayfairDisplay-BoldItalic.ttf */; };
		5264122587844C33978EDDF2 /* Roboto_medium.ttf in Resources */ = {isa = PBXBuildFile; fileRef = 97D04653E19248A0991E1AAC /* Roboto_medium.ttf */; };
		A15C1A6C8C4F433782FAB649 /* Roboto.ttf in Resources */ = {isa = PBXBuildFile; fileRef = 4AD7F648397C4B7AB3BAB11E /* Roboto.ttf */; };
		0D3E77D650B740B6AA463E8E /* rubicon-icon-font.ttf in Resources */ = {isa = PBXBuildFile; fileRef = 956773A716164F1EBFF995EB /* rubicon-icon-font.ttf */; };
		EBC8ED566D86465AB3528DEA /* SimpleLineIcons.ttf in Resources */ = {isa = PBXBuildFile; fileRef = C50A552B9D1F4022BB6DA8EE /* SimpleLineIcons.ttf */; };
		34EC4FFE5CC3427F8FBF75D0 /* WorkSans-ExtraLight.ttf in Resources */ = {isa = PBXBuildFile; fileRef = 2985B8AA7ACF4F2E87FF5537 /* WorkSans-ExtraLight.ttf */; };
		EDA1DD7818A344518DFEB5D4 /* ZhiMangXing-Regular.ttf in Resources */ = {isa = PBXBuildFile; fileRef = DF6C65432F9A4A568F18DFCE /* ZhiMangXing-Regular.ttf */; };
		D4BED515099B47E6BA2EAB7D /* Zocial.ttf in Resources */ = {isa = PBXBuildFile; fileRef = 503AF52DEDBD449B98BB6494 /* Zocial.ttf */; };
		3BA648BD726047898A095A30 /* AntDesign.ttf in Resources */ = {isa = PBXBuildFile; fileRef = 47752883040645EA8422A898 /* AntDesign.ttf */; };
		5BD6D85B068F418E8966741B /* BigShouldersText-Light.ttf in Resources */ = {isa = PBXBuildFile; fileRef = 2ADB739FEB2F4B0E8B1580B6 /* BigShouldersText-Light.ttf */; };
		B5EA182F3CEB4F6CAA4CBEE0 /* Entypo.ttf in Resources */ = {isa = PBXBuildFile; fileRef = 049BF2785F13451A8E8B07CC /* Entypo.ttf */; };
		B59E3FFFCA114C3A8D945893 /* EvilIcons.ttf in Resources */ = {isa = PBXBuildFile; fileRef = 774DCFCB33C04CA1A9C2F40B /* EvilIcons.ttf */; };
		1497CE13EFA1406AB8556D92 /* Feather.ttf in Resources */ = {isa = PBXBuildFile; fileRef = 627254DD6CC04C0F9EF0707D /* Feather.ttf */; };
		61CB9BCCF9FB4E278A3A2AAF /* FontAwesome.ttf in Resources */ = {isa = PBXBuildFile; fileRef = 4FBBA6CD79034B828A20A2EE /* FontAwesome.ttf */; };
		7E3370F3DBEC40269D59520F /* FontAwesome5_Brands.ttf in Resources */ = {isa = PBXBuildFile; fileRef = 376FAF49FC57462C9881CA54 /* FontAwesome5_Brands.ttf */; };
		28BD18B8BCB74378AE61DDFD /* FontAwesome5_Regular.ttf in Resources */ = {isa = PBXBuildFile; fileRef = B67F190D18BE4A7E910C91F0 /* FontAwesome5_Regular.ttf */; };
		5D1772B1FA3448E9949CA218 /* FontAwesome5_Solid.ttf in Resources */ = {isa = PBXBuildFile; fileRef = A04676D00F7F4A89A11E865C /* FontAwesome5_Solid.ttf */; };
		1968E9F76DD7408A900946E3 /* Fontisto.ttf in Resources */ = {isa = PBXBuildFile; fileRef = A3F82C81CF6F4B3E9523768F /* Fontisto.ttf */; };
		77A9105E1EC94FEEB4ECDF50 /* Foundation.ttf in Resources */ = {isa = PBXBuildFile; fileRef = 34815850F3C840878B170B4E /* Foundation.ttf */; };
		265B7E0EA88849479C1630EC /* Inconsolata-Bold.ttf in Resources */ = {isa = PBXBuildFile; fileRef = 2FEDC11B23954F029159835F /* Inconsolata-Bold.ttf */; };
		CD23959412734D1CB83E1BC5 /* Ionicons.ttf in Resources */ = {isa = PBXBuildFile; fileRef = 8969EDD673014ED5902354C5 /* Ionicons.ttf */; };
		FB3EA650E251417CBA2F8565 /* Lobster-Regular.ttf in Resources */ = {isa = PBXBuildFile; fileRef = 25EADFF2824742F289FFC458 /* Lobster-Regular.ttf */; };
		7FC61633084B400F9626472E /* MaterialCommunityIcons.ttf in Resources */ = {isa = PBXBuildFile; fileRef = 280E9950926743219CD865CC /* MaterialCommunityIcons.ttf */; };
		4F15E6C36BA14D94A1B50796 /* MaterialIcons.ttf in Resources */ = {isa = PBXBuildFile; fileRef = C3A9733569354D72B65AD59D /* MaterialIcons.ttf */; };
		66FDD9D8B09F404FBC0297A7 /* Merriweather-Italic.ttf in Resources */ = {isa = PBXBuildFile; fileRef = 002BBAFBA2EA4ACE8D636C15 /* Merriweather-Italic.ttf */; };
		83ACB1149993487DA34CB348 /* Octicons.ttf in Resources */ = {isa = PBXBuildFile; fileRef = A937BADD630F46E4993BD0C1 /* Octicons.ttf */; };
		5B338241C48F49348970B2AA /* OpenSansCondensed-Light.ttf in Resources */ = {isa = PBXBuildFile; fileRef = AAB64492E9B2431B88851F62 /* OpenSansCondensed-Light.ttf */; };
		8F68E9DFC67F458B93528FD8 /* PlayfairDisplay-BoldItalic.ttf in Resources */ = {isa = PBXBuildFile; fileRef = 569B1BDB7AF448A0BF52DBFA /* PlayfairDisplay-BoldItalic.ttf */; };
		26A14A288DE9421B9D3CDC81 /* Roboto_medium.ttf in Resources */ = {isa = PBXBuildFile; fileRef = 36340A9128A940C0ABA8FE5B /* Roboto_medium.ttf */; };
		9DEBBAB85C6642E2A61B0FD1 /* Roboto.ttf in Resources */ = {isa = PBXBuildFile; fileRef = 995A465A2A024196A9CF21F4 /* Roboto.ttf */; };
		578C4684115C4D84A6F9ECCE /* rubicon-icon-font.ttf in Resources */ = {isa = PBXBuildFile; fileRef = 8963C1D785F74D9D8C336F11 /* rubicon-icon-font.ttf */; };
		66BCA594AABD4585956375F2 /* SimpleLineIcons.ttf in Resources */ = {isa = PBXBuildFile; fileRef = DE2A0BC9619A4ADEA0D95657 /* SimpleLineIcons.ttf */; };
		DDC022D215CA4CA395602AD2 /* WorkSans-ExtraLight.ttf in Resources */ = {isa = PBXBuildFile; fileRef = 7A237BF9D70E4D898156C19F /* WorkSans-ExtraLight.ttf */; };
		BB4E44E0D6B344ABACE3DECC /* ZhiMangXing-Regular.ttf in Resources */ = {isa = PBXBuildFile; fileRef = 2EB29E3A4E734840A9EBE552 /* ZhiMangXing-Regular.ttf */; };
		D1DE160870694B298A054C16 /* Zocial.ttf in Resources */ = {isa = PBXBuildFile; fileRef = 775E1D0DD26A49DAB7ACCA80 /* Zocial.ttf */; };
		63D4D250296043D7B4A3EFF2 /* Times New Roman.ttf in Resources */ = {isa = PBXBuildFile; fileRef = 7AD44C9E424146C481400025 /* Times New Roman.ttf */; };
/* End PBXBuildFile section */

/* Begin PBXContainerItemProxy section */
		00E356F41AD99517003FC87E /* PBXContainerItemProxy */ = {
			isa = PBXContainerItemProxy;
			containerPortal = 83CBB9F71A601CBA00E9B192 /* Project object */;
			proxyType = 1;
			remoteGlobalIDString = 13B07F861A680F5B00A75B9A;
			remoteInfo = gunluk;
		};
		2D02E4911E0B4A5D006451C7 /* PBXContainerItemProxy */ = {
			isa = PBXContainerItemProxy;
			containerPortal = 83CBB9F71A601CBA00E9B192 /* Project object */;
			proxyType = 1;
			remoteGlobalIDString = 2D02E47A1E0B4A5D006451C7;
			remoteInfo = "gunluk-tvOS";
		};
/* End PBXContainerItemProxy section */

/* Begin PBXFileReference section */
		008F07F21AC5B25A0029DE68 /* main.jsbundle */ = {isa = PBXFileReference; fileEncoding = 4; lastKnownFileType = text; path = main.jsbundle; sourceTree = "<group>"; };
		00E356EE1AD99517003FC87E /* gunlukTests.xctest */ = {isa = PBXFileReference; explicitFileType = wrapper.cfbundle; includeInIndex = 0; path = gunlukTests.xctest; sourceTree = BUILT_PRODUCTS_DIR; };
		00E356F11AD99517003FC87E /* Info.plist */ = {isa = PBXFileReference; lastKnownFileType = text.plist.xml; path = Info.plist; sourceTree = "<group>"; };
		00E356F21AD99517003FC87E /* gunlukTests.m */ = {isa = PBXFileReference; lastKnownFileType = sourcecode.c.objc; path = gunlukTests.m; sourceTree = "<group>"; };
		13B07F961A680F5B00A75B9A /* gunluk.app */ = {isa = PBXFileReference; explicitFileType = wrapper.application; includeInIndex = 0; path = gunluk.app; sourceTree = BUILT_PRODUCTS_DIR; };
		13B07FAF1A68108700A75B9A /* AppDelegate.h */ = {isa = PBXFileReference; fileEncoding = 4; lastKnownFileType = sourcecode.c.h; name = AppDelegate.h; path = gunluk/AppDelegate.h; sourceTree = "<group>"; };
		13B07FB01A68108700A75B9A /* AppDelegate.m */ = {isa = PBXFileReference; fileEncoding = 4; lastKnownFileType = sourcecode.c.objc; name = AppDelegate.m; path = gunluk/AppDelegate.m; sourceTree = "<group>"; };
		13B07FB21A68108700A75B9A /* Base */ = {isa = PBXFileReference; lastKnownFileType = file.xib; name = Base; path = Base.lproj/LaunchScreen.xib; sourceTree = "<group>"; };
		13B07FB51A68108700A75B9A /* Images.xcassets */ = {isa = PBXFileReference; lastKnownFileType = folder.assetcatalog; name = Images.xcassets; path = gunluk/Images.xcassets; sourceTree = "<group>"; };
		13B07FB61A68108700A75B9A /* Info.plist */ = {isa = PBXFileReference; fileEncoding = 4; lastKnownFileType = text.plist.xml; name = Info.plist; path = gunluk/Info.plist; sourceTree = "<group>"; };
		13B07FB71A68108700A75B9A /* main.m */ = {isa = PBXFileReference; fileEncoding = 4; lastKnownFileType = sourcecode.c.objc; name = main.m; path = gunluk/main.m; sourceTree = "<group>"; };
		2D02E47B1E0B4A5D006451C7 /* gunluk-tvOS.app */ = {isa = PBXFileReference; explicitFileType = wrapper.application; includeInIndex = 0; path = "gunluk-tvOS.app"; sourceTree = BUILT_PRODUCTS_DIR; };
		2D02E4901E0B4A5D006451C7 /* gunluk-tvOSTests.xctest */ = {isa = PBXFileReference; explicitFileType = wrapper.cfbundle; includeInIndex = 0; path = "gunluk-tvOSTests.xctest"; sourceTree = BUILT_PRODUCTS_DIR; };
		ED297162215061F000B7C4FE /* JavaScriptCore.framework */ = {isa = PBXFileReference; lastKnownFileType = wrapper.framework; name = JavaScriptCore.framework; path = System/Library/Frameworks/JavaScriptCore.framework; sourceTree = SDKROOT; };
		ED2971642150620600B7C4FE /* JavaScriptCore.framework */ = {isa = PBXFileReference; lastKnownFileType = wrapper.framework; name = JavaScriptCore.framework; path = Platforms/AppleTVOS.platform/Developer/SDKs/AppleTVOS12.0.sdk/System/Library/Frameworks/JavaScriptCore.framework; sourceTree = DEVELOPER_DIR; };
		71B27D7D8CF041129B983683 /* AntDesign.ttf */ = {isa = PBXFileReference; name = "AntDesign.ttf"; path = "../node_modules/native-base/Fonts/AntDesign.ttf"; sourceTree = "<group>"; fileEncoding = undefined; lastKnownFileType = unknown; explicitFileType = undefined; includeInIndex = 0; };
		49D89D6B5ADB46D1912E1E19 /* Entypo.ttf */ = {isa = PBXFileReference; name = "Entypo.ttf"; path = "../node_modules/native-base/Fonts/Entypo.ttf"; sourceTree = "<group>"; fileEncoding = undefined; lastKnownFileType = unknown; explicitFileType = undefined; includeInIndex = 0; };
		0874C57252EB4E849204C214 /* EvilIcons.ttf */ = {isa = PBXFileReference; name = "EvilIcons.ttf"; path = "../node_modules/native-base/Fonts/EvilIcons.ttf"; sourceTree = "<group>"; fileEncoding = undefined; lastKnownFileType = unknown; explicitFileType = undefined; includeInIndex = 0; };
		DA855018A7674D7B9D05E34A /* Feather.ttf */ = {isa = PBXFileReference; name = "Feather.ttf"; path = "../node_modules/native-base/Fonts/Feather.ttf"; sourceTree = "<group>"; fileEncoding = undefined; lastKnownFileType = unknown; explicitFileType = undefined; includeInIndex = 0; };
		597A4DD698B8414A9F4AC33C /* FontAwesome.ttf */ = {isa = PBXFileReference; name = "FontAwesome.ttf"; path = "../node_modules/native-base/Fonts/FontAwesome.ttf"; sourceTree = "<group>"; fileEncoding = undefined; lastKnownFileType = unknown; explicitFileType = undefined; includeInIndex = 0; };
		8004054F6ABB45CF9386227B /* FontAwesome5_Brands.ttf */ = {isa = PBXFileReference; name = "FontAwesome5_Brands.ttf"; path = "../node_modules/native-base/Fonts/FontAwesome5_Brands.ttf"; sourceTree = "<group>"; fileEncoding = undefined; lastKnownFileType = unknown; explicitFileType = undefined; includeInIndex = 0; };
		B1CA19922A3D488BB7428BA3 /* FontAwesome5_Regular.ttf */ = {isa = PBXFileReference; name = "FontAwesome5_Regular.ttf"; path = "../node_modules/native-base/Fonts/FontAwesome5_Regular.ttf"; sourceTree = "<group>"; fileEncoding = undefined; lastKnownFileType = unknown; explicitFileType = undefined; includeInIndex = 0; };
		DB1358BC892143669AC31C3F /* FontAwesome5_Solid.ttf */ = {isa = PBXFileReference; name = "FontAwesome5_Solid.ttf"; path = "../node_modules/native-base/Fonts/FontAwesome5_Solid.ttf"; sourceTree = "<group>"; fileEncoding = undefined; lastKnownFileType = unknown; explicitFileType = undefined; includeInIndex = 0; };
		0496413EB7084EA6A5F9CBBB /* Foundation.ttf */ = {isa = PBXFileReference; name = "Foundation.ttf"; path = "../node_modules/native-base/Fonts/Foundation.ttf"; sourceTree = "<group>"; fileEncoding = undefined; lastKnownFileType = unknown; explicitFileType = undefined; includeInIndex = 0; };
		C5923C751A1148DA9F02B586 /* Ionicons.ttf */ = {isa = PBXFileReference; name = "Ionicons.ttf"; path = "../node_modules/native-base/Fonts/Ionicons.ttf"; sourceTree = "<group>"; fileEncoding = undefined; lastKnownFileType = unknown; explicitFileType = undefined; includeInIndex = 0; };
		2BA4255934A24341BE9D78C0 /* MaterialCommunityIcons.ttf */ = {isa = PBXFileReference; name = "MaterialCommunityIcons.ttf"; path = "../node_modules/native-base/Fonts/MaterialCommunityIcons.ttf"; sourceTree = "<group>"; fileEncoding = undefined; lastKnownFileType = unknown; explicitFileType = undefined; includeInIndex = 0; };
		D4241BE7B5A34094A3C22EEC /* MaterialIcons.ttf */ = {isa = PBXFileReference; name = "MaterialIcons.ttf"; path = "../node_modules/native-base/Fonts/MaterialIcons.ttf"; sourceTree = "<group>"; fileEncoding = undefined; lastKnownFileType = unknown; explicitFileType = undefined; includeInIndex = 0; };
		799A28D8E74A404D9D82D726 /* Octicons.ttf */ = {isa = PBXFileReference; name = "Octicons.ttf"; path = "../node_modules/native-base/Fonts/Octicons.ttf"; sourceTree = "<group>"; fileEncoding = undefined; lastKnownFileType = unknown; explicitFileType = undefined; includeInIndex = 0; };
		18F100A858944319A9C559B6 /* Roboto_medium.ttf */ = {isa = PBXFileReference; name = "Roboto_medium.ttf"; path = "../node_modules/native-base/Fonts/Roboto_medium.ttf"; sourceTree = "<group>"; fileEncoding = undefined; lastKnownFileType = unknown; explicitFileType = undefined; includeInIndex = 0; };
		011F1A1C73EB4096A2DBF9B2 /* Roboto.ttf */ = {isa = PBXFileReference; name = "Roboto.ttf"; path = "../node_modules/native-base/Fonts/Roboto.ttf"; sourceTree = "<group>"; fileEncoding = undefined; lastKnownFileType = unknown; explicitFileType = undefined; includeInIndex = 0; };
		919ED13B9C23425E95AAD40F /* rubicon-icon-font.ttf */ = {isa = PBXFileReference; name = "rubicon-icon-font.ttf"; path = "../node_modules/native-base/Fonts/rubicon-icon-font.ttf"; sourceTree = "<group>"; fileEncoding = undefined; lastKnownFileType = unknown; explicitFileType = undefined; includeInIndex = 0; };
		789F1EED623340BFA063BCF9 /* SimpleLineIcons.ttf */ = {isa = PBXFileReference; name = "SimpleLineIcons.ttf"; path = "../node_modules/native-base/Fonts/SimpleLineIcons.ttf"; sourceTree = "<group>"; fileEncoding = undefined; lastKnownFileType = unknown; explicitFileType = undefined; includeInIndex = 0; };
		48F95158576F42439F3D8A27 /* Zocial.ttf */ = {isa = PBXFileReference; name = "Zocial.ttf"; path = "../node_modules/native-base/Fonts/Zocial.ttf"; sourceTree = "<group>"; fileEncoding = undefined; lastKnownFileType = unknown; explicitFileType = undefined; includeInIndex = 0; };
		64D3205E58B14A0C90E5C30E /* AntDesign.ttf */ = {isa = PBXFileReference; name = "AntDesign.ttf"; path = "../node_modules/react-native-vector-icons/Fonts/AntDesign.ttf"; sourceTree = "<group>"; fileEncoding = undefined; lastKnownFileType = unknown; explicitFileType = undefined; includeInIndex = 0; };
		6C2552A16CDF4D9A9EA8C0D6 /* Entypo.ttf */ = {isa = PBXFileReference; name = "Entypo.ttf"; path = "../node_modules/react-native-vector-icons/Fonts/Entypo.ttf"; sourceTree = "<group>"; fileEncoding = undefined; lastKnownFileType = unknown; explicitFileType = undefined; includeInIndex = 0; };
		589CC8CA487D4F01A75411B8 /* EvilIcons.ttf */ = {isa = PBXFileReference; name = "EvilIcons.ttf"; path = "../node_modules/react-native-vector-icons/Fonts/EvilIcons.ttf"; sourceTree = "<group>"; fileEncoding = undefined; lastKnownFileType = unknown; explicitFileType = undefined; includeInIndex = 0; };
		E8E4363CD9154E2CA9FE1947 /* Feather.ttf */ = {isa = PBXFileReference; name = "Feather.ttf"; path = "../node_modules/react-native-vector-icons/Fonts/Feather.ttf"; sourceTree = "<group>"; fileEncoding = undefined; lastKnownFileType = unknown; explicitFileType = undefined; includeInIndex = 0; };
		8934141196A54FE58F8379B5 /* FontAwesome.ttf */ = {isa = PBXFileReference; name = "FontAwesome.ttf"; path = "../node_modules/react-native-vector-icons/Fonts/FontAwesome.ttf"; sourceTree = "<group>"; fileEncoding = undefined; lastKnownFileType = unknown; explicitFileType = undefined; includeInIndex = 0; };
		F48D718DCCBC41089A7E3B6F /* FontAwesome5_Brands.ttf */ = {isa = PBXFileReference; name = "FontAwesome5_Brands.ttf"; path = "../node_modules/react-native-vector-icons/Fonts/FontAwesome5_Brands.ttf"; sourceTree = "<group>"; fileEncoding = undefined; lastKnownFileType = unknown; explicitFileType = undefined; includeInIndex = 0; };
		678C2F7EFAF1436EBC076C59 /* FontAwesome5_Regular.ttf */ = {isa = PBXFileReference; name = "FontAwesome5_Regular.ttf"; path = "../node_modules/react-native-vector-icons/Fonts/FontAwesome5_Regular.ttf"; sourceTree = "<group>"; fileEncoding = undefined; lastKnownFileType = unknown; explicitFileType = undefined; includeInIndex = 0; };
		41E082949AA24AED9A1927A0 /* FontAwesome5_Solid.ttf */ = {isa = PBXFileReference; name = "FontAwesome5_Solid.ttf"; path = "../node_modules/react-native-vector-icons/Fonts/FontAwesome5_Solid.ttf"; sourceTree = "<group>"; fileEncoding = undefined; lastKnownFileType = unknown; explicitFileType = undefined; includeInIndex = 0; };
		0D0659BC7F104E02ABF0592D /* Fontisto.ttf */ = {isa = PBXFileReference; name = "Fontisto.ttf"; path = "../node_modules/react-native-vector-icons/Fonts/Fontisto.ttf"; sourceTree = "<group>"; fileEncoding = undefined; lastKnownFileType = unknown; explicitFileType = undefined; includeInIndex = 0; };
		B4E4C691B3FB4E51B7F44B31 /* Foundation.ttf */ = {isa = PBXFileReference; name = "Foundation.ttf"; path = "../node_modules/react-native-vector-icons/Fonts/Foundation.ttf"; sourceTree = "<group>"; fileEncoding = undefined; lastKnownFileType = unknown; explicitFileType = undefined; includeInIndex = 0; };
		4ED1E700B04B4AF1ABF2B19E /* Ionicons.ttf */ = {isa = PBXFileReference; name = "Ionicons.ttf"; path = "../node_modules/react-native-vector-icons/Fonts/Ionicons.ttf"; sourceTree = "<group>"; fileEncoding = undefined; lastKnownFileType = unknown; explicitFileType = undefined; includeInIndex = 0; };
		DD1AA498F08C4228BC8717DF /* MaterialCommunityIcons.ttf */ = {isa = PBXFileReference; name = "MaterialCommunityIcons.ttf"; path = "../node_modules/react-native-vector-icons/Fonts/MaterialCommunityIcons.ttf"; sourceTree = "<group>"; fileEncoding = undefined; lastKnownFileType = unknown; explicitFileType = undefined; includeInIndex = 0; };
		70BDD89E2E1A405188D6F73C /* MaterialIcons.ttf */ = {isa = PBXFileReference; name = "MaterialIcons.ttf"; path = "../node_modules/react-native-vector-icons/Fonts/MaterialIcons.ttf"; sourceTree = "<group>"; fileEncoding = undefined; lastKnownFileType = unknown; explicitFileType = undefined; includeInIndex = 0; };
		9617C049BD9545CDB628FF24 /* Octicons.ttf */ = {isa = PBXFileReference; name = "Octicons.ttf"; path = "../node_modules/react-native-vector-icons/Fonts/Octicons.ttf"; sourceTree = "<group>"; fileEncoding = undefined; lastKnownFileType = unknown; explicitFileType = undefined; includeInIndex = 0; };
		E29B65099DFF4C63BB611998 /* SimpleLineIcons.ttf */ = {isa = PBXFileReference; name = "SimpleLineIcons.ttf"; path = "../node_modules/react-native-vector-icons/Fonts/SimpleLineIcons.ttf"; sourceTree = "<group>"; fileEncoding = undefined; lastKnownFileType = unknown; explicitFileType = undefined; includeInIndex = 0; };
		7814796004514CAFAD8259F7 /* Zocial.ttf */ = {isa = PBXFileReference; name = "Zocial.ttf"; path = "../node_modules/react-native-vector-icons/Fonts/Zocial.ttf"; sourceTree = "<group>"; fileEncoding = undefined; lastKnownFileType = unknown; explicitFileType = undefined; includeInIndex = 0; };
		35E51B0AD6D74373B2F9B502 /* SpeechSynthesizer.xcodeproj */ = {isa = PBXFileReference; name = "SpeechSynthesizer.xcodeproj"; path = "../node_modules/react-native-speech/SpeechSynthesizer.xcodeproj"; sourceTree = "<group>"; fileEncoding = undefined; lastKnownFileType = wrapper.pb-project; explicitFileType = undefined; includeInIndex = 0; };
		01CFEAE314544FA682DE5595 /* libSpeechSynthesizer.a */ = {isa = PBXFileReference; name = "libSpeechSynthesizer.a"; path = "libSpeechSynthesizer.a"; sourceTree = "<group>"; fileEncoding = undefined; lastKnownFileType = archive.ar; explicitFileType = undefined; includeInIndex = 0; };
		A3119986D6A943609F94A8FC /* AntDesign.ttf */ = {isa = PBXFileReference; name = "AntDesign.ttf"; path = "../android/app/src/main/assets/fonts/AntDesign.ttf"; sourceTree = "<group>"; fileEncoding = undefined; lastKnownFileType = unknown; explicitFileType = undefined; includeInIndex = 0; };
		3D7A6EC2F1E2444DA394EA2C /* BigShouldersText-Light.ttf */ = {isa = PBXFileReference; name = "BigShouldersText-Light.ttf"; path = "../android/app/src/main/assets/fonts/BigShouldersText-Light.ttf"; sourceTree = "<group>"; fileEncoding = undefined; lastKnownFileType = unknown; explicitFileType = undefined; includeInIndex = 0; };
		3066869D28F24ABDB859E6C2 /* Entypo.ttf */ = {isa = PBXFileReference; name = "Entypo.ttf"; path = "../android/app/src/main/assets/fonts/Entypo.ttf"; sourceTree = "<group>"; fileEncoding = undefined; lastKnownFileType = unknown; explicitFileType = undefined; includeInIndex = 0; };
		A7930994096C49E3ACACEB16 /* EvilIcons.ttf */ = {isa = PBXFileReference; name = "EvilIcons.ttf"; path = "../android/app/src/main/assets/fonts/EvilIcons.ttf"; sourceTree = "<group>"; fileEncoding = undefined; lastKnownFileType = unknown; explicitFileType = undefined; includeInIndex = 0; };
		CB35E13D0E6F48EB91506CC2 /* Feather.ttf */ = {isa = PBXFileReference; name = "Feather.ttf"; path = "../android/app/src/main/assets/fonts/Feather.ttf"; sourceTree = "<group>"; fileEncoding = undefined; lastKnownFileType = unknown; explicitFileType = undefined; includeInIndex = 0; };
		52568241B95843F58F2ACC8F /* FontAwesome.ttf */ = {isa = PBXFileReference; name = "FontAwesome.ttf"; path = "../android/app/src/main/assets/fonts/FontAwesome.ttf"; sourceTree = "<group>"; fileEncoding = undefined; lastKnownFileType = unknown; explicitFileType = undefined; includeInIndex = 0; };
		3D30E94CA602476C8A13E44B /* FontAwesome5_Brands.ttf */ = {isa = PBXFileReference; name = "FontAwesome5_Brands.ttf"; path = "../android/app/src/main/assets/fonts/FontAwesome5_Brands.ttf"; sourceTree = "<group>"; fileEncoding = undefined; lastKnownFileType = unknown; explicitFileType = undefined; includeInIndex = 0; };
		D8DD0B966268426DA9388385 /* FontAwesome5_Regular.ttf */ = {isa = PBXFileReference; name = "FontAwesome5_Regular.ttf"; path = "../android/app/src/main/assets/fonts/FontAwesome5_Regular.ttf"; sourceTree = "<group>"; fileEncoding = undefined; lastKnownFileType = unknown; explicitFileType = undefined; includeInIndex = 0; };
		60E606F49B1A4CE18F9A388D /* FontAwesome5_Solid.ttf */ = {isa = PBXFileReference; name = "FontAwesome5_Solid.ttf"; path = "../android/app/src/main/assets/fonts/FontAwesome5_Solid.ttf"; sourceTree = "<group>"; fileEncoding = undefined; lastKnownFileType = unknown; explicitFileType = undefined; includeInIndex = 0; };
		7649801F84B641B288130054 /* Fontisto.ttf */ = {isa = PBXFileReference; name = "Fontisto.ttf"; path = "../android/app/src/main/assets/fonts/Fontisto.ttf"; sourceTree = "<group>"; fileEncoding = undefined; lastKnownFileType = unknown; explicitFileType = undefined; includeInIndex = 0; };
		40287BD0577448C2AC820992 /* Foundation.ttf */ = {isa = PBXFileReference; name = "Foundation.ttf"; path = "../android/app/src/main/assets/fonts/Foundation.ttf"; sourceTree = "<group>"; fileEncoding = undefined; lastKnownFileType = unknown; explicitFileType = undefined; includeInIndex = 0; };
		D760B6C51531430DB90A065E /* Inconsolata-Bold.ttf */ = {isa = PBXFileReference; name = "Inconsolata-Bold.ttf"; path = "../android/app/src/main/assets/fonts/Inconsolata-Bold.ttf"; sourceTree = "<group>"; fileEncoding = undefined; lastKnownFileType = unknown; explicitFileType = undefined; includeInIndex = 0; };
		A068ED39B0C5461B936B0D8A /* Ionicons.ttf */ = {isa = PBXFileReference; name = "Ionicons.ttf"; path = "../android/app/src/main/assets/fonts/Ionicons.ttf"; sourceTree = "<group>"; fileEncoding = undefined; lastKnownFileType = unknown; explicitFileType = undefined; includeInIndex = 0; };
		688D140771BB4348A47FF6A2 /* Lobster-Regular.ttf */ = {isa = PBXFileReference; name = "Lobster-Regular.ttf"; path = "../android/app/src/main/assets/fonts/Lobster-Regular.ttf"; sourceTree = "<group>"; fileEncoding = undefined; lastKnownFileType = unknown; explicitFileType = undefined; includeInIndex = 0; };
		E57C37537FD0471AA7E50310 /* MaterialCommunityIcons.ttf */ = {isa = PBXFileReference; name = "MaterialCommunityIcons.ttf"; path = "../android/app/src/main/assets/fonts/MaterialCommunityIcons.ttf"; sourceTree = "<group>"; fileEncoding = undefined; lastKnownFileType = unknown; explicitFileType = undefined; includeInIndex = 0; };
		AD77FC3BFBFE4709B46E5E77 /* MaterialIcons.ttf */ = {isa = PBXFileReference; name = "MaterialIcons.ttf"; path = "../android/app/src/main/assets/fonts/MaterialIcons.ttf"; sourceTree = "<group>"; fileEncoding = undefined; lastKnownFileType = unknown; explicitFileType = undefined; includeInIndex = 0; };
		DC948C81447545FABBD2117A /* Merriweather-Italic.ttf */ = {isa = PBXFileReference; name = "Merriweather-Italic.ttf"; path = "../android/app/src/main/assets/fonts/Merriweather-Italic.ttf"; sourceTree = "<group>"; fileEncoding = undefined; lastKnownFileType = unknown; explicitFileType = undefined; includeInIndex = 0; };
		350F63571A57401ABDF27085 /* Octicons.ttf */ = {isa = PBXFileReference; name = "Octicons.ttf"; path = "../android/app/src/main/assets/fonts/Octicons.ttf"; sourceTree = "<group>"; fileEncoding = undefined; lastKnownFileType = unknown; explicitFileType = undefined; includeInIndex = 0; };
		314D0E0F49D341D2B0666273 /* OpenSansCondensed-Light.ttf */ = {isa = PBXFileReference; name = "OpenSansCondensed-Light.ttf"; path = "../android/app/src/main/assets/fonts/OpenSansCondensed-Light.ttf"; sourceTree = "<group>"; fileEncoding = undefined; lastKnownFileType = unknown; explicitFileType = undefined; includeInIndex = 0; };
		215551861A0F4EF594DDDF9D /* PlayfairDisplay-BoldItalic.ttf */ = {isa = PBXFileReference; name = "PlayfairDisplay-BoldItalic.ttf"; path = "../android/app/src/main/assets/fonts/PlayfairDisplay-BoldItalic.ttf"; sourceTree = "<group>"; fileEncoding = undefined; lastKnownFileType = unknown; explicitFileType = undefined; includeInIndex = 0; };
		97D04653E19248A0991E1AAC /* Roboto_medium.ttf */ = {isa = PBXFileReference; name = "Roboto_medium.ttf"; path = "../android/app/src/main/assets/fonts/Roboto_medium.ttf"; sourceTree = "<group>"; fileEncoding = undefined; lastKnownFileType = unknown; explicitFileType = undefined; includeInIndex = 0; };
		4AD7F648397C4B7AB3BAB11E /* Roboto.ttf */ = {isa = PBXFileReference; name = "Roboto.ttf"; path = "../android/app/src/main/assets/fonts/Roboto.ttf"; sourceTree = "<group>"; fileEncoding = undefined; lastKnownFileType = unknown; explicitFileType = undefined; includeInIndex = 0; };
		956773A716164F1EBFF995EB /* rubicon-icon-font.ttf */ = {isa = PBXFileReference; name = "rubicon-icon-font.ttf"; path = "../android/app/src/main/assets/fonts/rubicon-icon-font.ttf"; sourceTree = "<group>"; fileEncoding = undefined; lastKnownFileType = unknown; explicitFileType = undefined; includeInIndex = 0; };
		C50A552B9D1F4022BB6DA8EE /* SimpleLineIcons.ttf */ = {isa = PBXFileReference; name = "SimpleLineIcons.ttf"; path = "../android/app/src/main/assets/fonts/SimpleLineIcons.ttf"; sourceTree = "<group>"; fileEncoding = undefined; lastKnownFileType = unknown; explicitFileType = undefined; includeInIndex = 0; };
		2985B8AA7ACF4F2E87FF5537 /* WorkSans-ExtraLight.ttf */ = {isa = PBXFileReference; name = "WorkSans-ExtraLight.ttf"; path = "../android/app/src/main/assets/fonts/WorkSans-ExtraLight.ttf"; sourceTree = "<group>"; fileEncoding = undefined; lastKnownFileType = unknown; explicitFileType = undefined; includeInIndex = 0; };
		DF6C65432F9A4A568F18DFCE /* ZhiMangXing-Regular.ttf */ = {isa = PBXFileReference; name = "ZhiMangXing-Regular.ttf"; path = "../android/app/src/main/assets/fonts/ZhiMangXing-Regular.ttf"; sourceTree = "<group>"; fileEncoding = undefined; lastKnownFileType = unknown; explicitFileType = undefined; includeInIndex = 0; };
		503AF52DEDBD449B98BB6494 /* Zocial.ttf */ = {isa = PBXFileReference; name = "Zocial.ttf"; path = "../android/app/src/main/assets/fonts/Zocial.ttf"; sourceTree = "<group>"; fileEncoding = undefined; lastKnownFileType = unknown; explicitFileType = undefined; includeInIndex = 0; };
		47752883040645EA8422A898 /* AntDesign.ttf */ = {isa = PBXFileReference; name = "AntDesign.ttf"; path = "../assets/fonts/AntDesign.ttf"; sourceTree = "<group>"; fileEncoding = undefined; lastKnownFileType = unknown; explicitFileType = undefined; includeInIndex = 0; };
		2ADB739FEB2F4B0E8B1580B6 /* BigShouldersText-Light.ttf */ = {isa = PBXFileReference; name = "BigShouldersText-Light.ttf"; path = "../assets/fonts/BigShouldersText-Light.ttf"; sourceTree = "<group>"; fileEncoding = undefined; lastKnownFileType = unknown; explicitFileType = undefined; includeInIndex = 0; };
		049BF2785F13451A8E8B07CC /* Entypo.ttf */ = {isa = PBXFileReference; name = "Entypo.ttf"; path = "../assets/fonts/Entypo.ttf"; sourceTree = "<group>"; fileEncoding = undefined; lastKnownFileType = unknown; explicitFileType = undefined; includeInIndex = 0; };
		774DCFCB33C04CA1A9C2F40B /* EvilIcons.ttf */ = {isa = PBXFileReference; name = "EvilIcons.ttf"; path = "../assets/fonts/EvilIcons.ttf"; sourceTree = "<group>"; fileEncoding = undefined; lastKnownFileType = unknown; explicitFileType = undefined; includeInIndex = 0; };
		627254DD6CC04C0F9EF0707D /* Feather.ttf */ = {isa = PBXFileReference; name = "Feather.ttf"; path = "../assets/fonts/Feather.ttf"; sourceTree = "<group>"; fileEncoding = undefined; lastKnownFileType = unknown; explicitFileType = undefined; includeInIndex = 0; };
		4FBBA6CD79034B828A20A2EE /* FontAwesome.ttf */ = {isa = PBXFileReference; name = "FontAwesome.ttf"; path = "../assets/fonts/FontAwesome.ttf"; sourceTree = "<group>"; fileEncoding = undefined; lastKnownFileType = unknown; explicitFileType = undefined; includeInIndex = 0; };
		376FAF49FC57462C9881CA54 /* FontAwesome5_Brands.ttf */ = {isa = PBXFileReference; name = "FontAwesome5_Brands.ttf"; path = "../assets/fonts/FontAwesome5_Brands.ttf"; sourceTree = "<group>"; fileEncoding = undefined; lastKnownFileType = unknown; explicitFileType = undefined; includeInIndex = 0; };
		B67F190D18BE4A7E910C91F0 /* FontAwesome5_Regular.ttf */ = {isa = PBXFileReference; name = "FontAwesome5_Regular.ttf"; path = "../assets/fonts/FontAwesome5_Regular.ttf"; sourceTree = "<group>"; fileEncoding = undefined; lastKnownFileType = unknown; explicitFileType = undefined; includeInIndex = 0; };
		A04676D00F7F4A89A11E865C /* FontAwesome5_Solid.ttf */ = {isa = PBXFileReference; name = "FontAwesome5_Solid.ttf"; path = "../assets/fonts/FontAwesome5_Solid.ttf"; sourceTree = "<group>"; fileEncoding = undefined; lastKnownFileType = unknown; explicitFileType = undefined; includeInIndex = 0; };
		A3F82C81CF6F4B3E9523768F /* Fontisto.ttf */ = {isa = PBXFileReference; name = "Fontisto.ttf"; path = "../assets/fonts/Fontisto.ttf"; sourceTree = "<group>"; fileEncoding = undefined; lastKnownFileType = unknown; explicitFileType = undefined; includeInIndex = 0; };
		34815850F3C840878B170B4E /* Foundation.ttf */ = {isa = PBXFileReference; name = "Foundation.ttf"; path = "../assets/fonts/Foundation.ttf"; sourceTree = "<group>"; fileEncoding = undefined; lastKnownFileType = unknown; explicitFileType = undefined; includeInIndex = 0; };
		2FEDC11B23954F029159835F /* Inconsolata-Bold.ttf */ = {isa = PBXFileReference; name = "Inconsolata-Bold.ttf"; path = "../assets/fonts/Inconsolata-Bold.ttf"; sourceTree = "<group>"; fileEncoding = undefined; lastKnownFileType = unknown; explicitFileType = undefined; includeInIndex = 0; };
		8969EDD673014ED5902354C5 /* Ionicons.ttf */ = {isa = PBXFileReference; name = "Ionicons.ttf"; path = "../assets/fonts/Ionicons.ttf"; sourceTree = "<group>"; fileEncoding = undefined; lastKnownFileType = unknown; explicitFileType = undefined; includeInIndex = 0; };
		25EADFF2824742F289FFC458 /* Lobster-Regular.ttf */ = {isa = PBXFileReference; name = "Lobster-Regular.ttf"; path = "../assets/fonts/Lobster-Regular.ttf"; sourceTree = "<group>"; fileEncoding = undefined; lastKnownFileType = unknown; explicitFileType = undefined; includeInIndex = 0; };
		280E9950926743219CD865CC /* MaterialCommunityIcons.ttf */ = {isa = PBXFileReference; name = "MaterialCommunityIcons.ttf"; path = "../assets/fonts/MaterialCommunityIcons.ttf"; sourceTree = "<group>"; fileEncoding = undefined; lastKnownFileType = unknown; explicitFileType = undefined; includeInIndex = 0; };
		C3A9733569354D72B65AD59D /* MaterialIcons.ttf */ = {isa = PBXFileReference; name = "MaterialIcons.ttf"; path = "../assets/fonts/MaterialIcons.ttf"; sourceTree = "<group>"; fileEncoding = undefined; lastKnownFileType = unknown; explicitFileType = undefined; includeInIndex = 0; };
		002BBAFBA2EA4ACE8D636C15 /* Merriweather-Italic.ttf */ = {isa = PBXFileReference; name = "Merriweather-Italic.ttf"; path = "../assets/fonts/Merriweather-Italic.ttf"; sourceTree = "<group>"; fileEncoding = undefined; lastKnownFileType = unknown; explicitFileType = undefined; includeInIndex = 0; };
		A937BADD630F46E4993BD0C1 /* Octicons.ttf */ = {isa = PBXFileReference; name = "Octicons.ttf"; path = "../assets/fonts/Octicons.ttf"; sourceTree = "<group>"; fileEncoding = undefined; lastKnownFileType = unknown; explicitFileType = undefined; includeInIndex = 0; };
		AAB64492E9B2431B88851F62 /* OpenSansCondensed-Light.ttf */ = {isa = PBXFileReference; name = "OpenSansCondensed-Light.ttf"; path = "../assets/fonts/OpenSansCondensed-Light.ttf"; sourceTree = "<group>"; fileEncoding = undefined; lastKnownFileType = unknown; explicitFileType = undefined; includeInIndex = 0; };
		569B1BDB7AF448A0BF52DBFA /* PlayfairDisplay-BoldItalic.ttf */ = {isa = PBXFileReference; name = "PlayfairDisplay-BoldItalic.ttf"; path = "../assets/fonts/PlayfairDisplay-BoldItalic.ttf"; sourceTree = "<group>"; fileEncoding = undefined; lastKnownFileType = unknown; explicitFileType = undefined; includeInIndex = 0; };
		36340A9128A940C0ABA8FE5B /* Roboto_medium.ttf */ = {isa = PBXFileReference; name = "Roboto_medium.ttf"; path = "../assets/fonts/Roboto_medium.ttf"; sourceTree = "<group>"; fileEncoding = undefined; lastKnownFileType = unknown; explicitFileType = undefined; includeInIndex = 0; };
		995A465A2A024196A9CF21F4 /* Roboto.ttf */ = {isa = PBXFileReference; name = "Roboto.ttf"; path = "../assets/fonts/Roboto.ttf"; sourceTree = "<group>"; fileEncoding = undefined; lastKnownFileType = unknown; explicitFileType = undefined; includeInIndex = 0; };
		8963C1D785F74D9D8C336F11 /* rubicon-icon-font.ttf */ = {isa = PBXFileReference; name = "rubicon-icon-font.ttf"; path = "../assets/fonts/rubicon-icon-font.ttf"; sourceTree = "<group>"; fileEncoding = undefined; lastKnownFileType = unknown; explicitFileType = undefined; includeInIndex = 0; };
		DE2A0BC9619A4ADEA0D95657 /* SimpleLineIcons.ttf */ = {isa = PBXFileReference; name = "SimpleLineIcons.ttf"; path = "../assets/fonts/SimpleLineIcons.ttf"; sourceTree = "<group>"; fileEncoding = undefined; lastKnownFileType = unknown; explicitFileType = undefined; includeInIndex = 0; };
		7A237BF9D70E4D898156C19F /* WorkSans-ExtraLight.ttf */ = {isa = PBXFileReference; name = "WorkSans-ExtraLight.ttf"; path = "../assets/fonts/WorkSans-ExtraLight.ttf"; sourceTree = "<group>"; fileEncoding = undefined; lastKnownFileType = unknown; explicitFileType = undefined; includeInIndex = 0; };
		2EB29E3A4E734840A9EBE552 /* ZhiMangXing-Regular.ttf */ = {isa = PBXFileReference; name = "ZhiMangXing-Regular.ttf"; path = "../assets/fonts/ZhiMangXing-Regular.ttf"; sourceTree = "<group>"; fileEncoding = undefined; lastKnownFileType = unknown; explicitFileType = undefined; includeInIndex = 0; };
		775E1D0DD26A49DAB7ACCA80 /* Zocial.ttf */ = {isa = PBXFileReference; name = "Zocial.ttf"; path = "../assets/fonts/Zocial.ttf"; sourceTree = "<group>"; fileEncoding = undefined; lastKnownFileType = unknown; explicitFileType = undefined; includeInIndex = 0; };
		7AD44C9E424146C481400025 /* Times New Roman.ttf */ = {isa = PBXFileReference; name = "Times New Roman.ttf"; path = "../node_modules/react-native-pdf-lib/assets/Times New Roman.ttf"; sourceTree = "<group>"; fileEncoding = undefined; lastKnownFileType = unknown; explicitFileType = undefined; includeInIndex = 0; };
/* End PBXFileReference section */

/* Begin PBXFrameworksBuildPhase section */
		00E356EB1AD99517003FC87E /* Frameworks */ = {
			isa = PBXFrameworksBuildPhase;
			buildActionMask = 2147483647;
			files = (
			);
			runOnlyForDeploymentPostprocessing = 0;
		};
		13B07F8C1A680F5B00A75B9A /* Frameworks */ = {
			isa = PBXFrameworksBuildPhase;
			buildActionMask = 2147483647;
			files = (
				B08E472F943F420D843D74AC /* libSpeechSynthesizer.a in Frameworks */,
			);
			runOnlyForDeploymentPostprocessing = 0;
		};
		2D02E4781E0B4A5D006451C7 /* Frameworks */ = {
			isa = PBXFrameworksBuildPhase;
			buildActionMask = 2147483647;
			files = (
			);
			runOnlyForDeploymentPostprocessing = 0;
		};
		2D02E48D1E0B4A5D006451C7 /* Frameworks */ = {
			isa = PBXFrameworksBuildPhase;
			buildActionMask = 2147483647;
			files = (
			);
			runOnlyForDeploymentPostprocessing = 0;
		};
/* End PBXFrameworksBuildPhase section */

/* Begin PBXGroup section */
		00E356EF1AD99517003FC87E /* gunlukTests */ = {
			isa = PBXGroup;
			children = (
				00E356F21AD99517003FC87E /* gunlukTests.m */,
				00E356F01AD99517003FC87E /* Supporting Files */,
			);
			path = gunlukTests;
			sourceTree = "<group>";
		};
		00E356F01AD99517003FC87E /* Supporting Files */ = {
			isa = PBXGroup;
			children = (
				00E356F11AD99517003FC87E /* Info.plist */,
			);
			name = "Supporting Files";
			sourceTree = "<group>";
		};
		13B07FAE1A68108700A75B9A /* gunluk */ = {
			isa = PBXGroup;
			children = (
				008F07F21AC5B25A0029DE68 /* main.jsbundle */,
				13B07FAF1A68108700A75B9A /* AppDelegate.h */,
				13B07FB01A68108700A75B9A /* AppDelegate.m */,
				13B07FB51A68108700A75B9A /* Images.xcassets */,
				13B07FB61A68108700A75B9A /* Info.plist */,
				13B07FB11A68108700A75B9A /* LaunchScreen.xib */,
				13B07FB71A68108700A75B9A /* main.m */,
			);
			name = gunluk;
			sourceTree = "<group>";
		};
		2D16E6871FA4F8E400B85C8A /* Frameworks */ = {
			isa = PBXGroup;
			children = (
				ED297162215061F000B7C4FE /* JavaScriptCore.framework */,
				ED2971642150620600B7C4FE /* JavaScriptCore.framework */,
			);
			name = Frameworks;
			sourceTree = "<group>";
		};
		832341AE1AAA6A7D00B99B32 /* Libraries */ = {
			isa = PBXGroup;
			children = (
				35E51B0AD6D74373B2F9B502 /* SpeechSynthesizer.xcodeproj */,
			);
			name = Libraries;
			sourceTree = "<group>";
		};
		83CBB9F61A601CBA00E9B192 = {
			isa = PBXGroup;
			children = (
				13B07FAE1A68108700A75B9A /* gunluk */,
				832341AE1AAA6A7D00B99B32 /* Libraries */,
				00E356EF1AD99517003FC87E /* gunlukTests */,
				83CBBA001A601CBA00E9B192 /* Products */,
				2D16E6871FA4F8E400B85C8A /* Frameworks */,
				3DA7FBEAD697409181375E81 /* Resources */,
			);
			indentWidth = 2;
			sourceTree = "<group>";
			tabWidth = 2;
			usesTabs = 0;
		};
		83CBBA001A601CBA00E9B192 /* Products */ = {
			isa = PBXGroup;
			children = (
				13B07F961A680F5B00A75B9A /* gunluk.app */,
				00E356EE1AD99517003FC87E /* gunlukTests.xctest */,
				2D02E47B1E0B4A5D006451C7 /* gunluk-tvOS.app */,
				2D02E4901E0B4A5D006451C7 /* gunluk-tvOSTests.xctest */,
			);
			name = Products;
			sourceTree = "<group>";
		};
		3DA7FBEAD697409181375E81 /* Resources */ = {
			isa = "PBXGroup";
			children = (
				71B27D7D8CF041129B983683 /* AntDesign.ttf */,
				49D89D6B5ADB46D1912E1E19 /* Entypo.ttf */,
				0874C57252EB4E849204C214 /* EvilIcons.ttf */,
				DA855018A7674D7B9D05E34A /* Feather.ttf */,
				597A4DD698B8414A9F4AC33C /* FontAwesome.ttf */,
				8004054F6ABB45CF9386227B /* FontAwesome5_Brands.ttf */,
				B1CA19922A3D488BB7428BA3 /* FontAwesome5_Regular.ttf */,
				DB1358BC892143669AC31C3F /* FontAwesome5_Solid.ttf */,
				0496413EB7084EA6A5F9CBBB /* Foundation.ttf */,
				C5923C751A1148DA9F02B586 /* Ionicons.ttf */,
				2BA4255934A24341BE9D78C0 /* MaterialCommunityIcons.ttf */,
				D4241BE7B5A34094A3C22EEC /* MaterialIcons.ttf */,
				799A28D8E74A404D9D82D726 /* Octicons.ttf */,
				18F100A858944319A9C559B6 /* Roboto_medium.ttf */,
				011F1A1C73EB4096A2DBF9B2 /* Roboto.ttf */,
				919ED13B9C23425E95AAD40F /* rubicon-icon-font.ttf */,
				789F1EED623340BFA063BCF9 /* SimpleLineIcons.ttf */,
				48F95158576F42439F3D8A27 /* Zocial.ttf */,
				64D3205E58B14A0C90E5C30E /* AntDesign.ttf */,
				6C2552A16CDF4D9A9EA8C0D6 /* Entypo.ttf */,
				589CC8CA487D4F01A75411B8 /* EvilIcons.ttf */,
				E8E4363CD9154E2CA9FE1947 /* Feather.ttf */,
				8934141196A54FE58F8379B5 /* FontAwesome.ttf */,
				F48D718DCCBC41089A7E3B6F /* FontAwesome5_Brands.ttf */,
				678C2F7EFAF1436EBC076C59 /* FontAwesome5_Regular.ttf */,
				41E082949AA24AED9A1927A0 /* FontAwesome5_Solid.ttf */,
				0D0659BC7F104E02ABF0592D /* Fontisto.ttf */,
				B4E4C691B3FB4E51B7F44B31 /* Foundation.ttf */,
				4ED1E700B04B4AF1ABF2B19E /* Ionicons.ttf */,
				DD1AA498F08C4228BC8717DF /* MaterialCommunityIcons.ttf */,
				70BDD89E2E1A405188D6F73C /* MaterialIcons.ttf */,
				9617C049BD9545CDB628FF24 /* Octicons.ttf */,
				E29B65099DFF4C63BB611998 /* SimpleLineIcons.ttf */,
				7814796004514CAFAD8259F7 /* Zocial.ttf */,
				A3119986D6A943609F94A8FC /* AntDesign.ttf */,
				3D7A6EC2F1E2444DA394EA2C /* BigShouldersText-Light.ttf */,
				3066869D28F24ABDB859E6C2 /* Entypo.ttf */,
				A7930994096C49E3ACACEB16 /* EvilIcons.ttf */,
				CB35E13D0E6F48EB91506CC2 /* Feather.ttf */,
				52568241B95843F58F2ACC8F /* FontAwesome.ttf */,
				3D30E94CA602476C8A13E44B /* FontAwesome5_Brands.ttf */,
				D8DD0B966268426DA9388385 /* FontAwesome5_Regular.ttf */,
				60E606F49B1A4CE18F9A388D /* FontAwesome5_Solid.ttf */,
				7649801F84B641B288130054 /* Fontisto.ttf */,
				40287BD0577448C2AC820992 /* Foundation.ttf */,
				D760B6C51531430DB90A065E /* Inconsolata-Bold.ttf */,
				A068ED39B0C5461B936B0D8A /* Ionicons.ttf */,
				688D140771BB4348A47FF6A2 /* Lobster-Regular.ttf */,
				E57C37537FD0471AA7E50310 /* MaterialCommunityIcons.ttf */,
				AD77FC3BFBFE4709B46E5E77 /* MaterialIcons.ttf */,
				DC948C81447545FABBD2117A /* Merriweather-Italic.ttf */,
				350F63571A57401ABDF27085 /* Octicons.ttf */,
				314D0E0F49D341D2B0666273 /* OpenSansCondensed-Light.ttf */,
				215551861A0F4EF594DDDF9D /* PlayfairDisplay-BoldItalic.ttf */,
				97D04653E19248A0991E1AAC /* Roboto_medium.ttf */,
				4AD7F648397C4B7AB3BAB11E /* Roboto.ttf */,
				956773A716164F1EBFF995EB /* rubicon-icon-font.ttf */,
				C50A552B9D1F4022BB6DA8EE /* SimpleLineIcons.ttf */,
				2985B8AA7ACF4F2E87FF5537 /* WorkSans-ExtraLight.ttf */,
				DF6C65432F9A4A568F18DFCE /* ZhiMangXing-Regular.ttf */,
				503AF52DEDBD449B98BB6494 /* Zocial.ttf */,
				47752883040645EA8422A898 /* AntDesign.ttf */,
				2ADB739FEB2F4B0E8B1580B6 /* BigShouldersText-Light.ttf */,
				049BF2785F13451A8E8B07CC /* Entypo.ttf */,
				774DCFCB33C04CA1A9C2F40B /* EvilIcons.ttf */,
				627254DD6CC04C0F9EF0707D /* Feather.ttf */,
				4FBBA6CD79034B828A20A2EE /* FontAwesome.ttf */,
				376FAF49FC57462C9881CA54 /* FontAwesome5_Brands.ttf */,
				B67F190D18BE4A7E910C91F0 /* FontAwesome5_Regular.ttf */,
				A04676D00F7F4A89A11E865C /* FontAwesome5_Solid.ttf */,
				A3F82C81CF6F4B3E9523768F /* Fontisto.ttf */,
				34815850F3C840878B170B4E /* Foundation.ttf */,
				2FEDC11B23954F029159835F /* Inconsolata-Bold.ttf */,
				8969EDD673014ED5902354C5 /* Ionicons.ttf */,
				25EADFF2824742F289FFC458 /* Lobster-Regular.ttf */,
				280E9950926743219CD865CC /* MaterialCommunityIcons.ttf */,
				C3A9733569354D72B65AD59D /* MaterialIcons.ttf */,
				002BBAFBA2EA4ACE8D636C15 /* Merriweather-Italic.ttf */,
				A937BADD630F46E4993BD0C1 /* Octicons.ttf */,
				AAB64492E9B2431B88851F62 /* OpenSansCondensed-Light.ttf */,
				569B1BDB7AF448A0BF52DBFA /* PlayfairDisplay-BoldItalic.ttf */,
				36340A9128A940C0ABA8FE5B /* Roboto_medium.ttf */,
				995A465A2A024196A9CF21F4 /* Roboto.ttf */,
				8963C1D785F74D9D8C336F11 /* rubicon-icon-font.ttf */,
				DE2A0BC9619A4ADEA0D95657 /* SimpleLineIcons.ttf */,
				7A237BF9D70E4D898156C19F /* WorkSans-ExtraLight.ttf */,
				2EB29E3A4E734840A9EBE552 /* ZhiMangXing-Regular.ttf */,
				775E1D0DD26A49DAB7ACCA80 /* Zocial.ttf */,
				7AD44C9E424146C481400025 /* Times New Roman.ttf */,
			);
			name = Resources;
			sourceTree = "<group>";
			path = "";
		};
/* End PBXGroup section */

/* Begin PBXNativeTarget section */
		00E356ED1AD99517003FC87E /* gunlukTests */ = {
			isa = PBXNativeTarget;
			buildConfigurationList = 00E357021AD99517003FC87E /* Build configuration list for PBXNativeTarget "gunlukTests" */;
			buildPhases = (
				00E356EA1AD99517003FC87E /* Sources */,
				00E356EB1AD99517003FC87E /* Frameworks */,
				00E356EC1AD99517003FC87E /* Resources */,
			);
			buildRules = (
			);
			dependencies = (
				00E356F51AD99517003FC87E /* PBXTargetDependency */,
			);
			name = gunlukTests;
			productName = gunlukTests;
			productReference = 00E356EE1AD99517003FC87E /* gunlukTests.xctest */;
			productType = "com.apple.product-type.bundle.unit-test";
		};
		13B07F861A680F5B00A75B9A /* gunluk */ = {
			isa = PBXNativeTarget;
			buildConfigurationList = 13B07F931A680F5B00A75B9A /* Build configuration list for PBXNativeTarget "gunluk" */;
			buildPhases = (
				FD10A7F022414F080027D42C /* Start Packager */,
				13B07F871A680F5B00A75B9A /* Sources */,
				13B07F8C1A680F5B00A75B9A /* Frameworks */,
				13B07F8E1A680F5B00A75B9A /* Resources */,
				00DD1BFF1BD5951E006B06BC /* Bundle React Native code and images */,
			);
			buildRules = (
			);
			dependencies = (
			);
			name = gunluk;
			productName = "gunluk";
			productReference = 13B07F961A680F5B00A75B9A /* gunluk.app */;
			productType = "com.apple.product-type.application";
		};
		2D02E47A1E0B4A5D006451C7 /* gunluk-tvOS */ = {
			isa = PBXNativeTarget;
			buildConfigurationList = 2D02E4BA1E0B4A5E006451C7 /* Build configuration list for PBXNativeTarget "gunluk-tvOS" */;
			buildPhases = (
				FD10A7F122414F3F0027D42C /* Start Packager */,
				2D02E4771E0B4A5D006451C7 /* Sources */,
				2D02E4781E0B4A5D006451C7 /* Frameworks */,
				2D02E4791E0B4A5D006451C7 /* Resources */,
				2D02E4CB1E0B4B27006451C7 /* Bundle React Native Code And Images */,
			);
			buildRules = (
			);
			dependencies = (
			);
			name = "gunluk-tvOS";
			productName = "gunluk-tvOS";
			productReference = 2D02E47B1E0B4A5D006451C7 /* gunluk-tvOS.app */;
			productType = "com.apple.product-type.application";
		};
		2D02E48F1E0B4A5D006451C7 /* gunluk-tvOSTests */ = {
			isa = PBXNativeTarget;
			buildConfigurationList = 2D02E4BB1E0B4A5E006451C7 /* Build configuration list for PBXNativeTarget "gunluk-tvOSTests" */;
			buildPhases = (
				2D02E48C1E0B4A5D006451C7 /* Sources */,
				2D02E48D1E0B4A5D006451C7 /* Frameworks */,
				2D02E48E1E0B4A5D006451C7 /* Resources */,
			);
			buildRules = (
			);
			dependencies = (
				2D02E4921E0B4A5D006451C7 /* PBXTargetDependency */,
			);
			name = "gunluk-tvOSTests";
			productName = "gunluk-tvOSTests";
			productReference = 2D02E4901E0B4A5D006451C7 /* gunluk-tvOSTests.xctest */;
			productType = "com.apple.product-type.bundle.unit-test";
		};
/* End PBXNativeTarget section */

/* Begin PBXProject section */
		83CBB9F71A601CBA00E9B192 /* Project object */ = {
			isa = PBXProject;
			attributes = {
				LastUpgradeCheck = 940;
				ORGANIZATIONNAME = Facebook;
				TargetAttributes = {
					00E356ED1AD99517003FC87E = {
						CreatedOnToolsVersion = 6.2;
						TestTargetID = 13B07F861A680F5B00A75B9A;
					};
					2D02E47A1E0B4A5D006451C7 = {
						CreatedOnToolsVersion = 8.2.1;
						ProvisioningStyle = Automatic;
					};
					2D02E48F1E0B4A5D006451C7 = {
						CreatedOnToolsVersion = 8.2.1;
						ProvisioningStyle = Automatic;
						TestTargetID = 2D02E47A1E0B4A5D006451C7;
					};
				};
			};
			buildConfigurationList = 83CBB9FA1A601CBA00E9B192 /* Build configuration list for PBXProject "gunluk" */;
			compatibilityVersion = "Xcode 3.2";
			developmentRegion = English;
			hasScannedForEncodings = 0;
			knownRegions = (
				en,
				Base,
			);
			mainGroup = 83CBB9F61A601CBA00E9B192;
			productRefGroup = 83CBBA001A601CBA00E9B192 /* Products */;
			projectDirPath = "";
			projectRoot = "";
			targets = (
				13B07F861A680F5B00A75B9A /* gunluk */,
				00E356ED1AD99517003FC87E /* gunlukTests */,
				2D02E47A1E0B4A5D006451C7 /* gunluk-tvOS */,
				2D02E48F1E0B4A5D006451C7 /* gunluk-tvOSTests */,
			);
		};
/* End PBXProject section */

/* Begin PBXResourcesBuildPhase section */
		00E356EC1AD99517003FC87E /* Resources */ = {
			isa = PBXResourcesBuildPhase;
			buildActionMask = 2147483647;
			files = (
			);
			runOnlyForDeploymentPostprocessing = 0;
		};
		13B07F8E1A680F5B00A75B9A /* Resources */ = {
			isa = PBXResourcesBuildPhase;
			buildActionMask = 2147483647;
			files = (
				13B07FBF1A68108700A75B9A /* Images.xcassets in Resources */,
				13B07FBD1A68108700A75B9A /* LaunchScreen.xib in Resources */,
				8A6ACC10BC92428CB73BE502 /* AntDesign.ttf in Resources */,
				C00558AB0071416EA25AE330 /* Entypo.ttf in Resources */,
				61C14D74B7FD4F35A66D18BA /* EvilIcons.ttf in Resources */,
				2C2E5F5EE73F4A10A832F6EA /* Feather.ttf in Resources */,
				DE3E55FE73B34074AEFB41DA /* FontAwesome.ttf in Resources */,
				EC5E3D45B5E84C5795B17DD9 /* FontAwesome5_Brands.ttf in Resources */,
				4475D7C196D84EC78170B71D /* FontAwesome5_Regular.ttf in Resources */,
				B4D2BF685E774D3D97361CDE /* FontAwesome5_Solid.ttf in Resources */,
				B709228FAD434C1386A35856 /* Foundation.ttf in Resources */,
				73DE473B9A954ADA8346F7C5 /* Ionicons.ttf in Resources */,
				4696C6304B1C4E3E8052AE92 /* MaterialCommunityIcons.ttf in Resources */,
				C3B9B2DF45B24E0D8452CBB6 /* MaterialIcons.ttf in Resources */,
				31BA4D2998A9475AA1239841 /* Octicons.ttf in Resources */,
				C71DB8FC695B4ADF9842E71D /* Roboto_medium.ttf in Resources */,
				D0D83DECE6F143719C827CE4 /* Roboto.ttf in Resources */,
				996349D8D9154990ACDEDD11 /* rubicon-icon-font.ttf in Resources */,
				A085D3C9F63F4A86B888CD60 /* SimpleLineIcons.ttf in Resources */,
				041CAA19DF984C68A61CEA97 /* Zocial.ttf in Resources */,
				D32B49BC357E4C77BA8BCF7A /* AntDesign.ttf in Resources */,
				990E670EB3D0486A84BCADF7 /* Entypo.ttf in Resources */,
				7CAC9ADBE1C04F1A8D2C6D07 /* EvilIcons.ttf in Resources */,
				96218EFC84C746B9B71FA7D3 /* Feather.ttf in Resources */,
				68374D8BB3FD42E6A02D9292 /* FontAwesome.ttf in Resources */,
				7DDCAD9B305A446885419AEE /* FontAwesome5_Brands.ttf in Resources */,
				156C1E733611416C90550757 /* FontAwesome5_Regular.ttf in Resources */,
				B81C128CA2594B6CACBAE937 /* FontAwesome5_Solid.ttf in Resources */,
				0741ECB149B343FFBECC1D76 /* Fontisto.ttf in Resources */,
				333DD0F7CAA045508D2A722F /* Foundation.ttf in Resources */,
				C708089E57AA44B39C6C908C /* Ionicons.ttf in Resources */,
				93446C3E1394479381C64D87 /* MaterialCommunityIcons.ttf in Resources */,
				F0F548B9C09E491BBB9533DE /* MaterialIcons.ttf in Resources */,
				5B0BB0B006E8474A926ADFD6 /* Octicons.ttf in Resources */,
				F540A8D596244415B03231C9 /* SimpleLineIcons.ttf in Resources */,
				02DAD8952C0341C78B4BB914 /* Zocial.ttf in Resources */,
				5A4E18879B0F4888B5CE331C /* AntDesign.ttf in Resources */,
				A35D0ADCC82C4549A547B3DE /* BigShouldersText-Light.ttf in Resources */,
				C30E882AD6804C2EB235FC1F /* Entypo.ttf in Resources */,
				86DD47BBB28B440E8428AE52 /* EvilIcons.ttf in Resources */,
				25A9236338C4443491879656 /* Feather.ttf in Resources */,
				9A70BDEDA7094F9D927044B4 /* FontAwesome.ttf in Resources */,
				EF1280F70B68465E8F1451B0 /* FontAwesome5_Brands.ttf in Resources */,
				4154249F2DEA48F986DA8524 /* FontAwesome5_Regular.ttf in Resources */,
				5EE26F16F02E445C9CD35785 /* FontAwesome5_Solid.ttf in Resources */,
				E8C4336B5B20452A877B7284 /* Fontisto.ttf in Resources */,
				1AAA7A3F6F92407F8D937A29 /* Foundation.ttf in Resources */,
				67456D6FFFAF4AC88365E209 /* Inconsolata-Bold.ttf in Resources */,
				F363464C6C944F798AB26061 /* Ionicons.ttf in Resources */,
				003499B6CAC64FA09E979F3F /* Lobster-Regular.ttf in Resources */,
				893F7A27362D4DC0B5EEBB55 /* MaterialCommunityIcons.ttf in Resources */,
				C5494C3A6EAF4132A0F7B36C /* MaterialIcons.ttf in Resources */,
				68DD3D86A6A44B7BBB6B4B28 /* Merriweather-Italic.ttf in Resources */,
				DB5A42A83B98495BA6B277C5 /* Octicons.ttf in Resources */,
				925DBC0DC013477EBDFAE2D9 /* OpenSansCondensed-Light.ttf in Resources */,
				3BFC768623E74B0C91DCA62E /* PlayfairDisplay-BoldItalic.ttf in Resources */,
				5264122587844C33978EDDF2 /* Roboto_medium.ttf in Resources */,
				A15C1A6C8C4F433782FAB649 /* Roboto.ttf in Resources */,
				0D3E77D650B740B6AA463E8E /* rubicon-icon-font.ttf in Resources */,
				EBC8ED566D86465AB3528DEA /* SimpleLineIcons.ttf in Resources */,
				34EC4FFE5CC3427F8FBF75D0 /* WorkSans-ExtraLight.ttf in Resources */,
				EDA1DD7818A344518DFEB5D4 /* ZhiMangXing-Regular.ttf in Resources */,
				D4BED515099B47E6BA2EAB7D /* Zocial.ttf in Resources */,
				3BA648BD726047898A095A30 /* AntDesign.ttf in Resources */,
				5BD6D85B068F418E8966741B /* BigShouldersText-Light.ttf in Resources */,
				B5EA182F3CEB4F6CAA4CBEE0 /* Entypo.ttf in Resources */,
				B59E3FFFCA114C3A8D945893 /* EvilIcons.ttf in Resources */,
				1497CE13EFA1406AB8556D92 /* Feather.ttf in Resources */,
				61CB9BCCF9FB4E278A3A2AAF /* FontAwesome.ttf in Resources */,
				7E3370F3DBEC40269D59520F /* FontAwesome5_Brands.ttf in Resources */,
				28BD18B8BCB74378AE61DDFD /* FontAwesome5_Regular.ttf in Resources */,
				5D1772B1FA3448E9949CA218 /* FontAwesome5_Solid.ttf in Resources */,
				1968E9F76DD7408A900946E3 /* Fontisto.ttf in Resources */,
				77A9105E1EC94FEEB4ECDF50 /* Foundation.ttf in Resources */,
				265B7E0EA88849479C1630EC /* Inconsolata-Bold.ttf in Resources */,
				CD23959412734D1CB83E1BC5 /* Ionicons.ttf in Resources */,
				FB3EA650E251417CBA2F8565 /* Lobster-Regular.ttf in Resources */,
				7FC61633084B400F9626472E /* MaterialCommunityIcons.ttf in Resources */,
				4F15E6C36BA14D94A1B50796 /* MaterialIcons.ttf in Resources */,
				66FDD9D8B09F404FBC0297A7 /* Merriweather-Italic.ttf in Resources */,
				83ACB1149993487DA34CB348 /* Octicons.ttf in Resources */,
				5B338241C48F49348970B2AA /* OpenSansCondensed-Light.ttf in Resources */,
				8F68E9DFC67F458B93528FD8 /* PlayfairDisplay-BoldItalic.ttf in Resources */,
				26A14A288DE9421B9D3CDC81 /* Roboto_medium.ttf in Resources */,
				9DEBBAB85C6642E2A61B0FD1 /* Roboto.ttf in Resources */,
				578C4684115C4D84A6F9ECCE /* rubicon-icon-font.ttf in Resources */,
				66BCA594AABD4585956375F2 /* SimpleLineIcons.ttf in Resources */,
				DDC022D215CA4CA395602AD2 /* WorkSans-ExtraLight.ttf in Resources */,
				BB4E44E0D6B344ABACE3DECC /* ZhiMangXing-Regular.ttf in Resources */,
				D1DE160870694B298A054C16 /* Zocial.ttf in Resources */,
				63D4D250296043D7B4A3EFF2 /* Times New Roman.ttf in Resources */,
			);
			runOnlyForDeploymentPostprocessing = 0;
		};
		2D02E4791E0B4A5D006451C7 /* Resources */ = {
			isa = PBXResourcesBuildPhase;
			buildActionMask = 2147483647;
			files = (
				2D02E4BD1E0B4A84006451C7 /* Images.xcassets in Resources */,
			);
			runOnlyForDeploymentPostprocessing = 0;
		};
		2D02E48E1E0B4A5D006451C7 /* Resources */ = {
			isa = PBXResourcesBuildPhase;
			buildActionMask = 2147483647;
			files = (
			);
			runOnlyForDeploymentPostprocessing = 0;
		};
/* End PBXResourcesBuildPhase section */

/* Begin PBXShellScriptBuildPhase section */
		00DD1BFF1BD5951E006B06BC /* Bundle React Native code and images */ = {
			isa = PBXShellScriptBuildPhase;
			buildActionMask = 2147483647;
			files = (
			);
			inputPaths = (
			);
			name = "Bundle React Native code and images";
			outputPaths = (
			);
			runOnlyForDeploymentPostprocessing = 0;
			shellPath = /bin/sh;
			shellScript = "export NODE_BINARY=node\n../node_modules/react-native/scripts/react-native-xcode.sh";
		};
		2D02E4CB1E0B4B27006451C7 /* Bundle React Native Code And Images */ = {
			isa = PBXShellScriptBuildPhase;
			buildActionMask = 2147483647;
			files = (
			);
			inputPaths = (
			);
			name = "Bundle React Native Code And Images";
			outputPaths = (
			);
			runOnlyForDeploymentPostprocessing = 0;
			shellPath = /bin/sh;
			shellScript = "export NODE_BINARY=node\n../node_modules/react-native/scripts/react-native-xcode.sh";
		};
		FD10A7F022414F080027D42C /* Start Packager */ = {
			isa = PBXShellScriptBuildPhase;
			buildActionMask = 2147483647;
			files = (
			);
			inputFileListPaths = (
			);
			inputPaths = (
			);
			name = "Start Packager";
			outputFileListPaths = (
			);
			outputPaths = (
			);
			runOnlyForDeploymentPostprocessing = 0;
			shellPath = /bin/sh;
			shellScript = "export RCT_METRO_PORT=\"${RCT_METRO_PORT:=8081}\"\necho \"export RCT_METRO_PORT=${RCT_METRO_PORT}\" > \"${SRCROOT}/../node_modules/react-native/scripts/.packager.env\"\nif [ -z \"${RCT_NO_LAUNCH_PACKAGER+xxx}\" ] ; then\n  if nc -w 5 -z localhost ${RCT_METRO_PORT} ; then\n    if ! curl -s \"http://localhost:${RCT_METRO_PORT}/status\" | grep -q \"packager-status:running\" ; then\n      echo \"Port ${RCT_METRO_PORT} already in use, packager is either not running or not running correctly\"\n      exit 2\n    fi\n  else\n    open \"$SRCROOT/../node_modules/react-native/scripts/launchPackager.command\" || echo \"Can't start packager automatically\"\n  fi\nfi\n";
			showEnvVarsInLog = 0;
		};
		FD10A7F122414F3F0027D42C /* Start Packager */ = {
			isa = PBXShellScriptBuildPhase;
			buildActionMask = 2147483647;
			files = (
			);
			inputFileListPaths = (
			);
			inputPaths = (
			);
			name = "Start Packager";
			outputFileListPaths = (
			);
			outputPaths = (
			);
			runOnlyForDeploymentPostprocessing = 0;
			shellPath = /bin/sh;
			shellScript = "export RCT_METRO_PORT=\"${RCT_METRO_PORT:=8081}\"\necho \"export RCT_METRO_PORT=${RCT_METRO_PORT}\" > \"${SRCROOT}/../node_modules/react-native/scripts/.packager.env\"\nif [ -z \"${RCT_NO_LAUNCH_PACKAGER+xxx}\" ] ; then\n  if nc -w 5 -z localhost ${RCT_METRO_PORT} ; then\n    if ! curl -s \"http://localhost:${RCT_METRO_PORT}/status\" | grep -q \"packager-status:running\" ; then\n      echo \"Port ${RCT_METRO_PORT} already in use, packager is either not running or not running correctly\"\n      exit 2\n    fi\n  else\n    open \"$SRCROOT/../node_modules/react-native/scripts/launchPackager.command\" || echo \"Can't start packager automatically\"\n  fi\nfi\n";
			showEnvVarsInLog = 0;
		};
/* End PBXShellScriptBuildPhase section */

/* Begin PBXSourcesBuildPhase section */
		00E356EA1AD99517003FC87E /* Sources */ = {
			isa = PBXSourcesBuildPhase;
			buildActionMask = 2147483647;
			files = (
				00E356F31AD99517003FC87E /* gunlukTests.m in Sources */,
			);
			runOnlyForDeploymentPostprocessing = 0;
		};
		13B07F871A680F5B00A75B9A /* Sources */ = {
			isa = PBXSourcesBuildPhase;
			buildActionMask = 2147483647;
			files = (
				13B07FBC1A68108700A75B9A /* AppDelegate.m in Sources */,
				13B07FC11A68108700A75B9A /* main.m in Sources */,
			);
			runOnlyForDeploymentPostprocessing = 0;
		};
		2D02E4771E0B4A5D006451C7 /* Sources */ = {
			isa = PBXSourcesBuildPhase;
			buildActionMask = 2147483647;
			files = (
				2D02E4BF1E0B4AB3006451C7 /* main.m in Sources */,
				2D02E4BC1E0B4A80006451C7 /* AppDelegate.m in Sources */,
			);
			runOnlyForDeploymentPostprocessing = 0;
		};
		2D02E48C1E0B4A5D006451C7 /* Sources */ = {
			isa = PBXSourcesBuildPhase;
			buildActionMask = 2147483647;
			files = (
				2DCD954D1E0B4F2C00145EB5 /* gunlukTests.m in Sources */,
			);
			runOnlyForDeploymentPostprocessing = 0;
		};
/* End PBXSourcesBuildPhase section */

/* Begin PBXTargetDependency section */
		00E356F51AD99517003FC87E /* PBXTargetDependency */ = {
			isa = PBXTargetDependency;
			target = 13B07F861A680F5B00A75B9A /* gunluk */;
			targetProxy = 00E356F41AD99517003FC87E /* PBXContainerItemProxy */;
		};
		2D02E4921E0B4A5D006451C7 /* PBXTargetDependency */ = {
			isa = PBXTargetDependency;
			target = 2D02E47A1E0B4A5D006451C7 /* gunluk-tvOS */;
			targetProxy = 2D02E4911E0B4A5D006451C7 /* PBXContainerItemProxy */;
		};
/* End PBXTargetDependency section */

/* Begin PBXVariantGroup section */
		13B07FB11A68108700A75B9A /* LaunchScreen.xib */ = {
			isa = PBXVariantGroup;
			children = (
				13B07FB21A68108700A75B9A /* Base */,
			);
			name = LaunchScreen.xib;
			path = gunluk;
			sourceTree = "<group>";
		};
/* End PBXVariantGroup section */

/* Begin XCBuildConfiguration section */
		00E356F61AD99517003FC87E /* Debug */ = {
			isa = XCBuildConfiguration;
			buildSettings = {
				BUNDLE_LOADER = "$(TEST_HOST)";
				GCC_PREPROCESSOR_DEFINITIONS = (
					"DEBUG=1",
					"$(inherited)",
				);
				INFOPLIST_FILE = gunlukTests/Info.plist;
				IPHONEOS_DEPLOYMENT_TARGET = 9.0;
				LD_RUNPATH_SEARCH_PATHS = "$(inherited) @executable_path/Frameworks @loader_path/Frameworks";
				OTHER_LDFLAGS = (
					"-ObjC",
					"-lc++",
					"$(inherited)",
				);
				PRODUCT_BUNDLE_IDENTIFIER = "org.reactjs.native.example.$(PRODUCT_NAME:rfc1034identifier)";
				PRODUCT_NAME = "$(TARGET_NAME)";
				TEST_HOST = "$(BUILT_PRODUCTS_DIR)/gunluk.app/gunluk";
				LIBRARY_SEARCH_PATHS = (
					"$(inherited)",
					"\"$(SRCROOT)/$(TARGET_NAME)\"",
				);
				HEADER_SEARCH_PATHS = (
					"$(inherited)",
					"$(SRCROOT)/../node_modules/react-native-speech",
				);
			};
			name = Debug;
		};
		00E356F71AD99517003FC87E /* Release */ = {
			isa = XCBuildConfiguration;
			buildSettings = {
				BUNDLE_LOADER = "$(TEST_HOST)";
				COPY_PHASE_STRIP = NO;
				INFOPLIST_FILE = gunlukTests/Info.plist;
				IPHONEOS_DEPLOYMENT_TARGET = 9.0;
				LD_RUNPATH_SEARCH_PATHS = "$(inherited) @executable_path/Frameworks @loader_path/Frameworks";
				OTHER_LDFLAGS = (
					"-ObjC",
					"-lc++",
					"$(inherited)",
				);
				PRODUCT_BUNDLE_IDENTIFIER = "org.reactjs.native.example.$(PRODUCT_NAME:rfc1034identifier)";
				PRODUCT_NAME = "$(TARGET_NAME)";
				TEST_HOST = "$(BUILT_PRODUCTS_DIR)/gunluk.app/gunluk";
				LIBRARY_SEARCH_PATHS = (
					"$(inherited)",
					"\"$(SRCROOT)/$(TARGET_NAME)\"",
				);
				HEADER_SEARCH_PATHS = (
					"$(inherited)",
					"$(SRCROOT)/../node_modules/react-native-speech",
				);
			};
			name = Release;
		};
		13B07F941A680F5B00A75B9A /* Debug */ = {
			isa = XCBuildConfiguration;
			buildSettings = {
				ASSETCATALOG_COMPILER_APPICON_NAME = AppIcon;
				CURRENT_PROJECT_VERSION = 1;
				DEAD_CODE_STRIPPING = NO;
				INFOPLIST_FILE = gunluk/Info.plist;
				LD_RUNPATH_SEARCH_PATHS = "$(inherited) @executable_path/Frameworks";
				OTHER_LDFLAGS = (
					"$(inherited)",
					"-ObjC",
					"-lc++",
				);
				PRODUCT_BUNDLE_IDENTIFIER = "org.reactjs.native.example.$(PRODUCT_NAME:rfc1034identifier)";
				PRODUCT_NAME = gunluk;
				VERSIONING_SYSTEM = "apple-generic";
				HEADER_SEARCH_PATHS = (
					"$(inherited)",
					"$(SRCROOT)/../node_modules/react-native-speech",
				);
			};
			name = Debug;
		};
		13B07F951A680F5B00A75B9A /* Release */ = {
			isa = XCBuildConfiguration;
			buildSettings = {
				ASSETCATALOG_COMPILER_APPICON_NAME = AppIcon;
				CURRENT_PROJECT_VERSION = 1;
				INFOPLIST_FILE = gunluk/Info.plist;
				LD_RUNPATH_SEARCH_PATHS = "$(inherited) @executable_path/Frameworks";
				OTHER_LDFLAGS = (
					"$(inherited)",
					"-ObjC",
					"-lc++",
				);
				PRODUCT_BUNDLE_IDENTIFIER = "org.reactjs.native.example.$(PRODUCT_NAME:rfc1034identifier)";
				PRODUCT_NAME = gunluk;
				VERSIONING_SYSTEM = "apple-generic";
				HEADER_SEARCH_PATHS = (
					"$(inherited)",
					"$(SRCROOT)/../node_modules/react-native-speech",
				);
			};
			name = Release;
		};
		2D02E4971E0B4A5E006451C7 /* Debug */ = {
			isa = XCBuildConfiguration;
			buildSettings = {
				ASSETCATALOG_COMPILER_APPICON_NAME = "App Icon & Top Shelf Image";
				ASSETCATALOG_COMPILER_LAUNCHIMAGE_NAME = LaunchImage;
				CLANG_ANALYZER_NONNULL = YES;
				CLANG_WARN_DOCUMENTATION_COMMENTS = YES;
				CLANG_WARN_INFINITE_RECURSION = YES;
				CLANG_WARN_SUSPICIOUS_MOVE = YES;
				DEBUG_INFORMATION_FORMAT = dwarf;
				ENABLE_TESTABILITY = YES;
				GCC_NO_COMMON_BLOCKS = YES;
				INFOPLIST_FILE = "gunluk-tvOS/Info.plist";
				LD_RUNPATH_SEARCH_PATHS = "$(inherited) @executable_path/Frameworks";
				OTHER_LDFLAGS = (
					"$(inherited)",
					"-ObjC",
					"-lc++",
				);
				PRODUCT_BUNDLE_IDENTIFIER = "com.facebook.REACT.gunluk-tvOS";
				PRODUCT_NAME = "$(TARGET_NAME)";
				SDKROOT = appletvos;
				TARGETED_DEVICE_FAMILY = 3;
				TVOS_DEPLOYMENT_TARGET = 9.2;
				LIBRARY_SEARCH_PATHS = (
					"$(inherited)",
					"\"$(SRCROOT)/$(TARGET_NAME)\"",
				);
				HEADER_SEARCH_PATHS = (
					"$(inherited)",
					"$(SRCROOT)/../node_modules/react-native-speech",
				);
			};
			name = Debug;
		};
		2D02E4981E0B4A5E006451C7 /* Release */ = {
			isa = XCBuildConfiguration;
			buildSettings = {
				ASSETCATALOG_COMPILER_APPICON_NAME = "App Icon & Top Shelf Image";
				ASSETCATALOG_COMPILER_LAUNCHIMAGE_NAME = LaunchImage;
				CLANG_ANALYZER_NONNULL = YES;
				CLANG_WARN_DOCUMENTATION_COMMENTS = YES;
				CLANG_WARN_INFINITE_RECURSION = YES;
				CLANG_WARN_SUSPICIOUS_MOVE = YES;
				COPY_PHASE_STRIP = NO;
				DEBUG_INFORMATION_FORMAT = "dwarf-with-dsym";
				GCC_NO_COMMON_BLOCKS = YES;
				INFOPLIST_FILE = "gunluk-tvOS/Info.plist";
				LD_RUNPATH_SEARCH_PATHS = "$(inherited) @executable_path/Frameworks";
				OTHER_LDFLAGS = (
					"$(inherited)",
					"-ObjC",
					"-lc++",
				);
				PRODUCT_BUNDLE_IDENTIFIER = "com.facebook.REACT.gunluk-tvOS";
				PRODUCT_NAME = "$(TARGET_NAME)";
				SDKROOT = appletvos;
				TARGETED_DEVICE_FAMILY = 3;
				TVOS_DEPLOYMENT_TARGET = 9.2;
				LIBRARY_SEARCH_PATHS = (
					"$(inherited)",
					"\"$(SRCROOT)/$(TARGET_NAME)\"",
				);
				HEADER_SEARCH_PATHS = (
					"$(inherited)",
					"$(SRCROOT)/../node_modules/react-native-speech",
				);
			};
			name = Release;
		};
		2D02E4991E0B4A5E006451C7 /* Debug */ = {
			isa = XCBuildConfiguration;
			buildSettings = {
				BUNDLE_LOADER = "$(TEST_HOST)";
				CLANG_ANALYZER_NONNULL = YES;
				CLANG_WARN_DOCUMENTATION_COMMENTS = YES;
				CLANG_WARN_INFINITE_RECURSION = YES;
				CLANG_WARN_SUSPICIOUS_MOVE = YES;
				DEBUG_INFORMATION_FORMAT = dwarf;
				ENABLE_TESTABILITY = YES;
				GCC_NO_COMMON_BLOCKS = YES;
				INFOPLIST_FILE = "gunluk-tvOSTests/Info.plist";
				LD_RUNPATH_SEARCH_PATHS = "$(inherited) @executable_path/Frameworks @loader_path/Frameworks";
				OTHER_LDFLAGS = (
					"$(inherited)",
					"-ObjC",
					"-lc++",
				);
				PRODUCT_BUNDLE_IDENTIFIER = "com.facebook.REACT.gunluk-tvOSTests";
				PRODUCT_NAME = "$(TARGET_NAME)";
				SDKROOT = appletvos;
				TEST_HOST = "$(BUILT_PRODUCTS_DIR)/gunluk-tvOS.app/gunluk-tvOS";
				TVOS_DEPLOYMENT_TARGET = 10.1;
				LIBRARY_SEARCH_PATHS = (
					"$(inherited)",
					"\"$(SRCROOT)/$(TARGET_NAME)\"",
				);
				HEADER_SEARCH_PATHS = (
					"$(inherited)",
					"$(SRCROOT)/../node_modules/react-native-speech",
				);
			};
			name = Debug;
		};
		2D02E49A1E0B4A5E006451C7 /* Release */ = {
			isa = XCBuildConfiguration;
			buildSettings = {
				BUNDLE_LOADER = "$(TEST_HOST)";
				CLANG_ANALYZER_NONNULL = YES;
				CLANG_WARN_DOCUMENTATION_COMMENTS = YES;
				CLANG_WARN_INFINITE_RECURSION = YES;
				CLANG_WARN_SUSPICIOUS_MOVE = YES;
				COPY_PHASE_STRIP = NO;
				DEBUG_INFORMATION_FORMAT = "dwarf-with-dsym";
				GCC_NO_COMMON_BLOCKS = YES;
				INFOPLIST_FILE = "gunluk-tvOSTests/Info.plist";
				LD_RUNPATH_SEARCH_PATHS = "$(inherited) @executable_path/Frameworks @loader_path/Frameworks";
				OTHER_LDFLAGS = (
					"$(inherited)",
					"-ObjC",
					"-lc++",
				);
				PRODUCT_BUNDLE_IDENTIFIER = "com.facebook.REACT.gunluk-tvOSTests";
				PRODUCT_NAME = "$(TARGET_NAME)";
				SDKROOT = appletvos;
				TEST_HOST = "$(BUILT_PRODUCTS_DIR)/gunluk-tvOS.app/gunluk-tvOS";
				TVOS_DEPLOYMENT_TARGET = 10.1;
				LIBRARY_SEARCH_PATHS = (
					"$(inherited)",
					"\"$(SRCROOT)/$(TARGET_NAME)\"",
				);
				HEADER_SEARCH_PATHS = (
					"$(inherited)",
					"$(SRCROOT)/../node_modules/react-native-speech",
				);
			};
			name = Release;
		};
		83CBBA201A601CBA00E9B192 /* Debug */ = {
			isa = XCBuildConfiguration;
			buildSettings = {
				ALWAYS_SEARCH_USER_PATHS = NO;
				CLANG_CXX_LANGUAGE_STANDARD = "gnu++0x";
				CLANG_CXX_LIBRARY = "libc++";
				CLANG_ENABLE_MODULES = YES;
				CLANG_ENABLE_OBJC_ARC = YES;
				CLANG_WARN_BLOCK_CAPTURE_AUTORELEASING = YES;
				CLANG_WARN_BOOL_CONVERSION = YES;
				CLANG_WARN_COMMA = YES;
				CLANG_WARN_CONSTANT_CONVERSION = YES;
				CLANG_WARN_DEPRECATED_OBJC_IMPLEMENTATIONS = YES;
				CLANG_WARN_DIRECT_OBJC_ISA_USAGE = YES_ERROR;
				CLANG_WARN_EMPTY_BODY = YES;
				CLANG_WARN_ENUM_CONVERSION = YES;
				CLANG_WARN_INFINITE_RECURSION = YES;
				CLANG_WARN_INT_CONVERSION = YES;
				CLANG_WARN_NON_LITERAL_NULL_CONVERSION = YES;
				CLANG_WARN_OBJC_IMPLICIT_RETAIN_SELF = YES;
				CLANG_WARN_OBJC_LITERAL_CONVERSION = YES;
				CLANG_WARN_OBJC_ROOT_CLASS = YES_ERROR;
				CLANG_WARN_RANGE_LOOP_ANALYSIS = YES;
				CLANG_WARN_STRICT_PROTOTYPES = YES;
				CLANG_WARN_SUSPICIOUS_MOVE = YES;
				CLANG_WARN_UNREACHABLE_CODE = YES;
				CLANG_WARN__DUPLICATE_METHOD_MATCH = YES;
				"CODE_SIGN_IDENTITY[sdk=iphoneos*]" = "iPhone Developer";
				COPY_PHASE_STRIP = NO;
				ENABLE_STRICT_OBJC_MSGSEND = YES;
				ENABLE_TESTABILITY = YES;
				GCC_C_LANGUAGE_STANDARD = gnu99;
				GCC_DYNAMIC_NO_PIC = NO;
				GCC_NO_COMMON_BLOCKS = YES;
				GCC_OPTIMIZATION_LEVEL = 0;
				GCC_PREPROCESSOR_DEFINITIONS = (
					"DEBUG=1",
					"$(inherited)",
				);
				GCC_SYMBOLS_PRIVATE_EXTERN = NO;
				GCC_WARN_64_TO_32_BIT_CONVERSION = YES;
				GCC_WARN_ABOUT_RETURN_TYPE = YES_ERROR;
				GCC_WARN_UNDECLARED_SELECTOR = YES;
				GCC_WARN_UNINITIALIZED_AUTOS = YES_AGGRESSIVE;
				GCC_WARN_UNUSED_FUNCTION = YES;
				GCC_WARN_UNUSED_VARIABLE = YES;
				IPHONEOS_DEPLOYMENT_TARGET = 9.0;
				MTL_ENABLE_DEBUG_INFO = YES;
				ONLY_ACTIVE_ARCH = YES;
				SDKROOT = iphoneos;
			};
			name = Debug;
		};
		83CBBA211A601CBA00E9B192 /* Release */ = {
			isa = XCBuildConfiguration;
			buildSettings = {
				ALWAYS_SEARCH_USER_PATHS = NO;
				CLANG_CXX_LANGUAGE_STANDARD = "gnu++0x";
				CLANG_CXX_LIBRARY = "libc++";
				CLANG_ENABLE_MODULES = YES;
				CLANG_ENABLE_OBJC_ARC = YES;
				CLANG_WARN_BLOCK_CAPTURE_AUTORELEASING = YES;
				CLANG_WARN_BOOL_CONVERSION = YES;
				CLANG_WARN_COMMA = YES;
				CLANG_WARN_CONSTANT_CONVERSION = YES;
				CLANG_WARN_DEPRECATED_OBJC_IMPLEMENTATIONS = YES;
				CLANG_WARN_DIRECT_OBJC_ISA_USAGE = YES_ERROR;
				CLANG_WARN_EMPTY_BODY = YES;
				CLANG_WARN_ENUM_CONVERSION = YES;
				CLANG_WARN_INFINITE_RECURSION = YES;
				CLANG_WARN_INT_CONVERSION = YES;
				CLANG_WARN_NON_LITERAL_NULL_CONVERSION = YES;
				CLANG_WARN_OBJC_IMPLICIT_RETAIN_SELF = YES;
				CLANG_WARN_OBJC_LITERAL_CONVERSION = YES;
				CLANG_WARN_OBJC_ROOT_CLASS = YES_ERROR;
				CLANG_WARN_RANGE_LOOP_ANALYSIS = YES;
				CLANG_WARN_STRICT_PROTOTYPES = YES;
				CLANG_WARN_SUSPICIOUS_MOVE = YES;
				CLANG_WARN_UNREACHABLE_CODE = YES;
				CLANG_WARN__DUPLICATE_METHOD_MATCH = YES;
				"CODE_SIGN_IDENTITY[sdk=iphoneos*]" = "iPhone Developer";
				COPY_PHASE_STRIP = YES;
				ENABLE_NS_ASSERTIONS = NO;
				ENABLE_STRICT_OBJC_MSGSEND = YES;
				GCC_C_LANGUAGE_STANDARD = gnu99;
				GCC_NO_COMMON_BLOCKS = YES;
				GCC_WARN_64_TO_32_BIT_CONVERSION = YES;
				GCC_WARN_ABOUT_RETURN_TYPE = YES_ERROR;
				GCC_WARN_UNDECLARED_SELECTOR = YES;
				GCC_WARN_UNINITIALIZED_AUTOS = YES_AGGRESSIVE;
				GCC_WARN_UNUSED_FUNCTION = YES;
				GCC_WARN_UNUSED_VARIABLE = YES;
				IPHONEOS_DEPLOYMENT_TARGET = 9.0;
				MTL_ENABLE_DEBUG_INFO = NO;
				SDKROOT = iphoneos;
				VALIDATE_PRODUCT = YES;
			};
			name = Release;
		};
/* End XCBuildConfiguration section */

/* Begin XCConfigurationList section */
		00E357021AD99517003FC87E /* Build configuration list for PBXNativeTarget "gunlukTests" */ = {
			isa = XCConfigurationList;
			buildConfigurations = (
				00E356F61AD99517003FC87E /* Debug */,
				00E356F71AD99517003FC87E /* Release */,
			);
			defaultConfigurationIsVisible = 0;
			defaultConfigurationName = Release;
		};
		13B07F931A680F5B00A75B9A /* Build configuration list for PBXNativeTarget "gunluk" */ = {
			isa = XCConfigurationList;
			buildConfigurations = (
				13B07F941A680F5B00A75B9A /* Debug */,
				13B07F951A680F5B00A75B9A /* Release */,
			);
			defaultConfigurationIsVisible = 0;
			defaultConfigurationName = Release;
		};
		2D02E4BA1E0B4A5E006451C7 /* Build configuration list for PBXNativeTarget "gunluk-tvOS" */ = {
			isa = XCConfigurationList;
			buildConfigurations = (
				2D02E4971E0B4A5E006451C7 /* Debug */,
				2D02E4981E0B4A5E006451C7 /* Release */,
			);
			defaultConfigurationIsVisible = 0;
			defaultConfigurationName = Release;
		};
		2D02E4BB1E0B4A5E006451C7 /* Build configuration list for PBXNativeTarget "gunluk-tvOSTests" */ = {
			isa = XCConfigurationList;
			buildConfigurations = (
				2D02E4991E0B4A5E006451C7 /* Debug */,
				2D02E49A1E0B4A5E006451C7 /* Release */,
			);
			defaultConfigurationIsVisible = 0;
			defaultConfigurationName = Release;
		};
		83CBB9FA1A601CBA00E9B192 /* Build configuration list for PBXProject "gunluk" */ = {
			isa = XCConfigurationList;
			buildConfigurations = (
				83CBBA201A601CBA00E9B192 /* Debug */,
				83CBBA211A601CBA00E9B192 /* Release */,
			);
			defaultConfigurationIsVisible = 0;
			defaultConfigurationName = Release;
		};
/* End XCConfigurationList section */
	};
	rootObject = 83CBB9F71A601CBA00E9B192 /* Project object */;
}
